// !$*UTF8*$!
{
	archiveVersion = 1;
	classes = {
	};
	objectVersion = 46;
	objects = {

/* Begin PBXBuildFile section */
		5A336A1419D4EF280062EC98 /* CreateEventTableViewController.m in Sources */ = {isa = PBXBuildFile; fileRef = 5A336A1319D4EF280062EC98 /* CreateEventTableViewController.m */; };
		5A336A1719D512D90062EC98 /* SelectCategoryViewController.m in Sources */ = {isa = PBXBuildFile; fileRef = 5A336A1619D512D90062EC98 /* SelectCategoryViewController.m */; };
		5A336A1A19D516790062EC98 /* SelectActivitiyViewController.m in Sources */ = {isa = PBXBuildFile; fileRef = 5A336A1919D516790062EC98 /* SelectActivitiyViewController.m */; };
		5A336A1D19D52C2B0062EC98 /* SelectTimeViewController.m in Sources */ = {isa = PBXBuildFile; fileRef = 5A336A1C19D52C2B0062EC98 /* SelectTimeViewController.m */; };
		5A397D9119DE3C7500D2EE9F /* PrivacyPickerViewController.m in Sources */ = {isa = PBXBuildFile; fileRef = 5A397D9019DE3C7500D2EE9F /* PrivacyPickerViewController.m */; };
		5A44C2751A53404800FBB2FC /* FeedViewController.swift in Sources */ = {isa = PBXBuildFile; fileRef = 5A44C2741A53404800FBB2FC /* FeedViewController.swift */; };
		5A44C2771A535DB600FBB2FC /* LoginViewController.swift in Sources */ = {isa = PBXBuildFile; fileRef = 5A44C2761A535DB600FBB2FC /* LoginViewController.swift */; };
		5A44C27B1A5B67AA00FBB2FC /* SignUpViewController.swift in Sources */ = {isa = PBXBuildFile; fileRef = 5A44C27A1A5B67AA00FBB2FC /* SignUpViewController.swift */; };
		5A45195619D8B59700B7B346 /* PrivacyPickerTableViewCell.m in Sources */ = {isa = PBXBuildFile; fileRef = 5A45195519D8B59700B7B346 /* PrivacyPickerTableViewCell.m */; };
		5A693E8619C3A884005C5377 /* CategoryViewController.m in Sources */ = {isa = PBXBuildFile; fileRef = 5A693E8519C3A884005C5377 /* CategoryViewController.m */; };
		5A693E8919C4A54E005C5377 /* ActivityViewController.m in Sources */ = {isa = PBXBuildFile; fileRef = 5A693E8819C4A54E005C5377 /* ActivityViewController.m */; };
		5A693E8F19C7B286005C5377 /* AddActivitiesNavController.m in Sources */ = {isa = PBXBuildFile; fileRef = 5A693E8E19C7B286005C5377 /* AddActivitiesNavController.m */; };
		5A92AEB419BFA486001C52F7 /* FriendsViewController.m in Sources */ = {isa = PBXBuildFile; fileRef = 5A92AEB319BFA486001C52F7 /* FriendsViewController.m */; };
		5A92AEB719BFA548001C52F7 /* Friend.m in Sources */ = {isa = PBXBuildFile; fileRef = 5A92AEB619BFA548001C52F7 /* Friend.m */; };
		5A92AEBD19BFE899001C52F7 /* ProfileViewController.m in Sources */ = {isa = PBXBuildFile; fileRef = 5A92AEBC19BFE899001C52F7 /* ProfileViewController.m */; };
		5A92AEC319C24C90001C52F7 /* MyInterestsViewController.m in Sources */ = {isa = PBXBuildFile; fileRef = 5A92AEC219C24C90001C52F7 /* MyInterestsViewController.m */; };
		5A92AEC619C251A1001C52F7 /* Activity.m in Sources */ = {isa = PBXBuildFile; fileRef = 5A92AEC519C251A1001C52F7 /* Activity.m */; };
		5A9A11B91A0F213700540AEE /* EventViewController.m in Sources */ = {isa = PBXBuildFile; fileRef = 5A9A11B81A0F213700540AEE /* EventViewController.m */; };
		5AA3CB8419BBC9F200D07D51 /* Foundation.framework in Frameworks */ = {isa = PBXBuildFile; fileRef = 5AA3CB8319BBC9F200D07D51 /* Foundation.framework */; };
		5AA3CB8619BBC9F200D07D51 /* CoreGraphics.framework in Frameworks */ = {isa = PBXBuildFile; fileRef = 5AA3CB8519BBC9F200D07D51 /* CoreGraphics.framework */; };
		5AA3CB8819BBC9F200D07D51 /* UIKit.framework in Frameworks */ = {isa = PBXBuildFile; fileRef = 5AA3CB8719BBC9F200D07D51 /* UIKit.framework */; };
		5AA3CB8E19BBC9F200D07D51 /* InfoPlist.strings in Resources */ = {isa = PBXBuildFile; fileRef = 5AA3CB8C19BBC9F200D07D51 /* InfoPlist.strings */; };
		5AA3CB9019BBC9F200D07D51 /* main.m in Sources */ = {isa = PBXBuildFile; fileRef = 5AA3CB8F19BBC9F200D07D51 /* main.m */; };
		5AA3CB9419BBC9F200D07D51 /* AppDelegate.m in Sources */ = {isa = PBXBuildFile; fileRef = 5AA3CB9319BBC9F200D07D51 /* AppDelegate.m */; };
		5AA3CB9719BBC9F200D07D51 /* Main.storyboard in Resources */ = {isa = PBXBuildFile; fileRef = 5AA3CB9519BBC9F200D07D51 /* Main.storyboard */; };
		5AA3CB9A19BBC9F200D07D51 /* FeedViewController.m in Sources */ = {isa = PBXBuildFile; fileRef = 5AA3CB9919BBC9F200D07D51 /* FeedViewController.m */; };
		5AA3CB9F19BBC9F200D07D51 /* Images.xcassets in Resources */ = {isa = PBXBuildFile; fileRef = 5AA3CB9E19BBC9F200D07D51 /* Images.xcassets */; };
		5AA3CBA619BBC9F200D07D51 /* XCTest.framework in Frameworks */ = {isa = PBXBuildFile; fileRef = 5AA3CBA519BBC9F200D07D51 /* XCTest.framework */; };
		5AA3CBA719BBC9F200D07D51 /* Foundation.framework in Frameworks */ = {isa = PBXBuildFile; fileRef = 5AA3CB8319BBC9F200D07D51 /* Foundation.framework */; };
		5AA3CBA819BBC9F200D07D51 /* UIKit.framework in Frameworks */ = {isa = PBXBuildFile; fileRef = 5AA3CB8719BBC9F200D07D51 /* UIKit.framework */; };
		5AA3CBB019BBC9F200D07D51 /* InfoPlist.strings in Resources */ = {isa = PBXBuildFile; fileRef = 5AA3CBAE19BBC9F200D07D51 /* InfoPlist.strings */; };
		5AA3CBB219BBC9F200D07D51 /* SpringTests.m in Sources */ = {isa = PBXBuildFile; fileRef = 5AA3CBB119BBC9F200D07D51 /* SpringTests.m */; };
		5AA3CBBD19BBF01F00D07D51 /* EventTableViewCell.m in Sources */ = {isa = PBXBuildFile; fileRef = 5AA3CBBC19BBF01F00D07D51 /* EventTableViewCell.m */; };
		5AA4CB4C19FF7F2100E38978 /* AddFriendsViewController.m in Sources */ = {isa = PBXBuildFile; fileRef = 5AA4CB4B19FF7F2100E38978 /* AddFriendsViewController.m */; };
		5AACDD4719D24B4A0085DBBC /* FBAudienceNetwork.framework in Frameworks */ = {isa = PBXBuildFile; fileRef = 5AACDC4819D24B480085DBBC /* FBAudienceNetwork.framework */; };
		5AACDD5F19D24B4A0085DBBC /* LICENSE in Resources */ = {isa = PBXBuildFile; fileRef = 5AACDC7319D24B490085DBBC /* LICENSE */; };
		5AADF9E319E79CA400D2BCD2 /* Parse.framework in Frameworks */ = {isa = PBXBuildFile; fileRef = 5AADF9E019E79CA400D2BCD2 /* Parse.framework */; };
		5AADF9E419E79CA400D2BCD2 /* ParseFacebookUtils.framework in Frameworks */ = {isa = PBXBuildFile; fileRef = 5AADF9E119E79CA400D2BCD2 /* ParseFacebookUtils.framework */; };
		5AADF9E619E79CF100D2BCD2 /* AudioToolbox.framework in Frameworks */ = {isa = PBXBuildFile; fileRef = 5AADF9E519E79CF100D2BCD2 /* AudioToolbox.framework */; };
		5AADF9E819E79D0D00D2BCD2 /* CFNetwork.framework in Frameworks */ = {isa = PBXBuildFile; fileRef = 5AADF9E719E79D0D00D2BCD2 /* CFNetwork.framework */; };
		5AADF9EA19E79D2D00D2BCD2 /* CoreLocation.framework in Frameworks */ = {isa = PBXBuildFile; fileRef = 5AADF9E919E79D2D00D2BCD2 /* CoreLocation.framework */; };
		5AADF9EC19E79D3E00D2BCD2 /* QuartzCore.framework in Frameworks */ = {isa = PBXBuildFile; fileRef = 5AADF9EB19E79D3E00D2BCD2 /* QuartzCore.framework */; };
		5AADF9EE19E79D4A00D2BCD2 /* libz.dylib in Frameworks */ = {isa = PBXBuildFile; fileRef = 5AADF9ED19E79D4A00D2BCD2 /* libz.dylib */; };
		5AADF9F019E79D5B00D2BCD2 /* MobileCoreServices.framework in Frameworks */ = {isa = PBXBuildFile; fileRef = 5AADF9EF19E79D5B00D2BCD2 /* MobileCoreServices.framework */; };
		5AADF9F419E79D6F00D2BCD2 /* Security.framework in Frameworks */ = {isa = PBXBuildFile; fileRef = 5AADF9F119E79D6F00D2BCD2 /* Security.framework */; };
		5AADF9F519E79D6F00D2BCD2 /* StoreKit.framework in Frameworks */ = {isa = PBXBuildFile; fileRef = 5AADF9F219E79D6F00D2BCD2 /* StoreKit.framework */; };
		5AADF9F619E79D6F00D2BCD2 /* SystemConfiguration.framework in Frameworks */ = {isa = PBXBuildFile; fileRef = 5AADF9F319E79D6F00D2BCD2 /* SystemConfiguration.framework */; };
		5AC5501D1A1043680084411F /* EventPostCell.m in Sources */ = {isa = PBXBuildFile; fileRef = 5AC5501C1A1043680084411F /* EventPostCell.m */; };
		5AC550231A1342190084411F /* GoogleMaps.framework in Frameworks */ = {isa = PBXBuildFile; fileRef = 5AC550221A1342190084411F /* GoogleMaps.framework */; };
		5AC550251A1342470084411F /* GoogleMaps.bundle in Resources */ = {isa = PBXBuildFile; fileRef = 5AC550241A1342470084411F /* GoogleMaps.bundle */; };
		5AC550271A13427F0084411F /* CoreData.framework in Frameworks */ = {isa = PBXBuildFile; fileRef = 5AC550261A13427F0084411F /* CoreData.framework */; };
		5AC550291A1342990084411F /* CoreText.framework in Frameworks */ = {isa = PBXBuildFile; fileRef = 5AC550281A1342990084411F /* CoreText.framework */; };
		5AC5502B1A1342A00084411F /* AVFoundation.framework in Frameworks */ = {isa = PBXBuildFile; fileRef = 5AC5502A1A1342A00084411F /* AVFoundation.framework */; };
		5AC5502D1A1342B60084411F /* GLKit.framework in Frameworks */ = {isa = PBXBuildFile; fileRef = 5AC5502C1A1342B60084411F /* GLKit.framework */; };
		5AC5502F1A1342C50084411F /* ImageIO.framework in Frameworks */ = {isa = PBXBuildFile; fileRef = 5AC5502E1A1342C50084411F /* ImageIO.framework */; };
		5AC550311A1342D40084411F /* libc++.dylib in Frameworks */ = {isa = PBXBuildFile; fileRef = 5AC550301A1342D40084411F /* libc++.dylib */; };
		5AC550331A1342F10084411F /* libicucore.dylib in Frameworks */ = {isa = PBXBuildFile; fileRef = 5AC550321A1342F10084411F /* libicucore.dylib */; };
		5AC550351A1342FD0084411F /* OpenGLES.framework in Frameworks */ = {isa = PBXBuildFile; fileRef = 5AC550341A1342FC0084411F /* OpenGLES.framework */; settings = {ATTRIBUTES = (Required, ); }; };
		5AC550391A1344970084411F /* SelectEventLocationViewController.m in Sources */ = {isa = PBXBuildFile; fileRef = 5AC550381A1344970084411F /* SelectEventLocationViewController.m */; };
		5AC5503B1A1347070084411F /* Social.framework in Frameworks */ = {isa = PBXBuildFile; fileRef = 5AC5503A1A1347070084411F /* Social.framework */; };
		5AC5503D1A13471A0084411F /* Accounts.framework in Frameworks */ = {isa = PBXBuildFile; fileRef = 5AC5503C1A13471A0084411F /* Accounts.framework */; };
		5AC5503E1A13485B0084411F /* FacebookSDK.framework in Frameworks */ = {isa = PBXBuildFile; fileRef = 5AACDC4619D24B480085DBBC /* FacebookSDK.framework */; };
		5AE10DB11A0410300040BA63 /* RequestsViewController.m in Sources */ = {isa = PBXBuildFile; fileRef = 5AE10DB01A0410300040BA63 /* RequestsViewController.m */; };
		5AE10DB41A0444D30040BA63 /* CurrentUserRelations.m in Sources */ = {isa = PBXBuildFile; fileRef = 5AE10DB31A0444D30040BA63 /* CurrentUserRelations.m */; };
		5AF0835C1A5BB6A5001753FF /* EventInterestCell.swift in Sources */ = {isa = PBXBuildFile; fileRef = 5AF0835B1A5BB6A5001753FF /* EventInterestCell.swift */; };
		5AF0835E1A5BBA85001753FF /* EventHeaderCell.swift in Sources */ = {isa = PBXBuildFile; fileRef = 5AF0835D1A5BBA85001753FF /* EventHeaderCell.swift */; };
		5AF083601A5BBBC8001753FF /* EventWritePostCell.swift in Sources */ = {isa = PBXBuildFile; fileRef = 5AF0835F1A5BBBC8001753FF /* EventWritePostCell.swift */; };
/* End PBXBuildFile section */

/* Begin PBXContainerItemProxy section */
		5AA3CBA919BBC9F200D07D51 /* PBXContainerItemProxy */ = {
			isa = PBXContainerItemProxy;
			containerPortal = 5AA3CB7819BBC9F200D07D51 /* Project object */;
			proxyType = 1;
			remoteGlobalIDString = 5AA3CB7F19BBC9F200D07D51;
			remoteInfo = Spring;
		};
/* End PBXContainerItemProxy section */

/* Begin PBXFileReference section */
		5A336A1219D4EF280062EC98 /* CreateEventTableViewController.h */ = {isa = PBXFileReference; fileEncoding = 4; lastKnownFileType = sourcecode.c.h; path = CreateEventTableViewController.h; sourceTree = "<group>"; };
		5A336A1319D4EF280062EC98 /* CreateEventTableViewController.m */ = {isa = PBXFileReference; fileEncoding = 4; lastKnownFileType = sourcecode.c.objc; path = CreateEventTableViewController.m; sourceTree = "<group>"; };
		5A336A1519D512D90062EC98 /* SelectCategoryViewController.h */ = {isa = PBXFileReference; fileEncoding = 4; lastKnownFileType = sourcecode.c.h; path = SelectCategoryViewController.h; sourceTree = "<group>"; };
		5A336A1619D512D90062EC98 /* SelectCategoryViewController.m */ = {isa = PBXFileReference; fileEncoding = 4; lastKnownFileType = sourcecode.c.objc; path = SelectCategoryViewController.m; sourceTree = "<group>"; };
		5A336A1819D516790062EC98 /* SelectActivitiyViewController.h */ = {isa = PBXFileReference; fileEncoding = 4; lastKnownFileType = sourcecode.c.h; path = SelectActivitiyViewController.h; sourceTree = "<group>"; };
		5A336A1919D516790062EC98 /* SelectActivitiyViewController.m */ = {isa = PBXFileReference; fileEncoding = 4; lastKnownFileType = sourcecode.c.objc; path = SelectActivitiyViewController.m; sourceTree = "<group>"; };
		5A336A1B19D52C2B0062EC98 /* SelectTimeViewController.h */ = {isa = PBXFileReference; fileEncoding = 4; lastKnownFileType = sourcecode.c.h; path = SelectTimeViewController.h; sourceTree = "<group>"; };
		5A336A1C19D52C2B0062EC98 /* SelectTimeViewController.m */ = {isa = PBXFileReference; fileEncoding = 4; lastKnownFileType = sourcecode.c.objc; path = SelectTimeViewController.m; sourceTree = "<group>"; };
		5A397D8F19DE3C7500D2EE9F /* PrivacyPickerViewController.h */ = {isa = PBXFileReference; fileEncoding = 4; lastKnownFileType = sourcecode.c.h; path = PrivacyPickerViewController.h; sourceTree = "<group>"; };
		5A397D9019DE3C7500D2EE9F /* PrivacyPickerViewController.m */ = {isa = PBXFileReference; fileEncoding = 4; lastKnownFileType = sourcecode.c.objc; path = PrivacyPickerViewController.m; sourceTree = "<group>"; };
		5A44C2731A53404800FBB2FC /* Spring-Bridging-Header.h */ = {isa = PBXFileReference; lastKnownFileType = sourcecode.c.h; path = "Spring-Bridging-Header.h"; sourceTree = "<group>"; };
		5A44C2741A53404800FBB2FC /* FeedViewController.swift */ = {isa = PBXFileReference; fileEncoding = 4; lastKnownFileType = sourcecode.swift; path = FeedViewController.swift; sourceTree = "<group>"; };
		5A44C2761A535DB600FBB2FC /* LoginViewController.swift */ = {isa = PBXFileReference; fileEncoding = 4; lastKnownFileType = sourcecode.swift; path = LoginViewController.swift; sourceTree = "<group>"; };
		5A44C27A1A5B67AA00FBB2FC /* SignUpViewController.swift */ = {isa = PBXFileReference; fileEncoding = 4; lastKnownFileType = sourcecode.swift; path = SignUpViewController.swift; sourceTree = "<group>"; };
		5A45195419D8B59700B7B346 /* PrivacyPickerTableViewCell.h */ = {isa = PBXFileReference; fileEncoding = 4; lastKnownFileType = sourcecode.c.h; path = PrivacyPickerTableViewCell.h; sourceTree = "<group>"; };
		5A45195519D8B59700B7B346 /* PrivacyPickerTableViewCell.m */ = {isa = PBXFileReference; fileEncoding = 4; lastKnownFileType = sourcecode.c.objc; path = PrivacyPickerTableViewCell.m; sourceTree = "<group>"; };
		5A693E8419C3A884005C5377 /* CategoryViewController.h */ = {isa = PBXFileReference; fileEncoding = 4; lastKnownFileType = sourcecode.c.h; path = CategoryViewController.h; sourceTree = "<group>"; };
		5A693E8519C3A884005C5377 /* CategoryViewController.m */ = {isa = PBXFileReference; fileEncoding = 4; lastKnownFileType = sourcecode.c.objc; path = CategoryViewController.m; sourceTree = "<group>"; };
		5A693E8719C4A54E005C5377 /* ActivityViewController.h */ = {isa = PBXFileReference; fileEncoding = 4; lastKnownFileType = sourcecode.c.h; path = ActivityViewController.h; sourceTree = "<group>"; };
		5A693E8819C4A54E005C5377 /* ActivityViewController.m */ = {isa = PBXFileReference; fileEncoding = 4; lastKnownFileType = sourcecode.c.objc; path = ActivityViewController.m; sourceTree = "<group>"; };
		5A693E8D19C7B286005C5377 /* AddActivitiesNavController.h */ = {isa = PBXFileReference; fileEncoding = 4; lastKnownFileType = sourcecode.c.h; path = AddActivitiesNavController.h; sourceTree = "<group>"; };
		5A693E8E19C7B286005C5377 /* AddActivitiesNavController.m */ = {isa = PBXFileReference; fileEncoding = 4; lastKnownFileType = sourcecode.c.objc; path = AddActivitiesNavController.m; sourceTree = "<group>"; };
		5A92AEB219BFA486001C52F7 /* FriendsViewController.h */ = {isa = PBXFileReference; fileEncoding = 4; lastKnownFileType = sourcecode.c.h; path = FriendsViewController.h; sourceTree = "<group>"; };
		5A92AEB319BFA486001C52F7 /* FriendsViewController.m */ = {isa = PBXFileReference; fileEncoding = 4; lastKnownFileType = sourcecode.c.objc; path = FriendsViewController.m; sourceTree = "<group>"; };
		5A92AEB519BFA548001C52F7 /* Friend.h */ = {isa = PBXFileReference; fileEncoding = 4; lastKnownFileType = sourcecode.c.h; path = Friend.h; sourceTree = "<group>"; };
		5A92AEB619BFA548001C52F7 /* Friend.m */ = {isa = PBXFileReference; fileEncoding = 4; lastKnownFileType = sourcecode.c.objc; path = Friend.m; sourceTree = "<group>"; };
		5A92AEBB19BFE899001C52F7 /* ProfileViewController.h */ = {isa = PBXFileReference; fileEncoding = 4; lastKnownFileType = sourcecode.c.h; path = ProfileViewController.h; sourceTree = "<group>"; };
		5A92AEBC19BFE899001C52F7 /* ProfileViewController.m */ = {isa = PBXFileReference; fileEncoding = 4; lastKnownFileType = sourcecode.c.objc; path = ProfileViewController.m; sourceTree = "<group>"; };
		5A92AEC119C24C90001C52F7 /* MyInterestsViewController.h */ = {isa = PBXFileReference; fileEncoding = 4; lastKnownFileType = sourcecode.c.h; path = MyInterestsViewController.h; sourceTree = "<group>"; };
		5A92AEC219C24C90001C52F7 /* MyInterestsViewController.m */ = {isa = PBXFileReference; fileEncoding = 4; lastKnownFileType = sourcecode.c.objc; path = MyInterestsViewController.m; sourceTree = "<group>"; };
		5A92AEC419C251A1001C52F7 /* Activity.h */ = {isa = PBXFileReference; fileEncoding = 4; lastKnownFileType = sourcecode.c.h; path = Activity.h; sourceTree = "<group>"; };
		5A92AEC519C251A1001C52F7 /* Activity.m */ = {isa = PBXFileReference; fileEncoding = 4; lastKnownFileType = sourcecode.c.objc; path = Activity.m; sourceTree = "<group>"; };
		5A9A11B71A0F213700540AEE /* EventViewController.h */ = {isa = PBXFileReference; fileEncoding = 4; lastKnownFileType = sourcecode.c.h; path = EventViewController.h; sourceTree = "<group>"; };
		5A9A11B81A0F213700540AEE /* EventViewController.m */ = {isa = PBXFileReference; fileEncoding = 4; lastKnownFileType = sourcecode.c.objc; path = EventViewController.m; sourceTree = "<group>"; };
		5AA3CB8019BBC9F200D07D51 /* Spring.app */ = {isa = PBXFileReference; explicitFileType = wrapper.application; includeInIndex = 0; path = Spring.app; sourceTree = BUILT_PRODUCTS_DIR; };
		5AA3CB8319BBC9F200D07D51 /* Foundation.framework */ = {isa = PBXFileReference; lastKnownFileType = wrapper.framework; name = Foundation.framework; path = System/Library/Frameworks/Foundation.framework; sourceTree = SDKROOT; };
		5AA3CB8519BBC9F200D07D51 /* CoreGraphics.framework */ = {isa = PBXFileReference; lastKnownFileType = wrapper.framework; name = CoreGraphics.framework; path = System/Library/Frameworks/CoreGraphics.framework; sourceTree = SDKROOT; };
		5AA3CB8719BBC9F200D07D51 /* UIKit.framework */ = {isa = PBXFileReference; lastKnownFileType = wrapper.framework; name = UIKit.framework; path = System/Library/Frameworks/UIKit.framework; sourceTree = SDKROOT; };
		5AA3CB8B19BBC9F200D07D51 /* Spring-Info.plist */ = {isa = PBXFileReference; lastKnownFileType = text.plist.xml; path = "Spring-Info.plist"; sourceTree = "<group>"; };
		5AA3CB8D19BBC9F200D07D51 /* en */ = {isa = PBXFileReference; lastKnownFileType = text.plist.strings; name = en; path = en.lproj/InfoPlist.strings; sourceTree = "<group>"; };
		5AA3CB8F19BBC9F200D07D51 /* main.m */ = {isa = PBXFileReference; lastKnownFileType = sourcecode.c.objc; path = main.m; sourceTree = "<group>"; };
		5AA3CB9119BBC9F200D07D51 /* Spring-Prefix.pch */ = {isa = PBXFileReference; lastKnownFileType = sourcecode.c.h; path = "Spring-Prefix.pch"; sourceTree = "<group>"; };
		5AA3CB9219BBC9F200D07D51 /* AppDelegate.h */ = {isa = PBXFileReference; lastKnownFileType = sourcecode.c.h; path = AppDelegate.h; sourceTree = "<group>"; };
		5AA3CB9319BBC9F200D07D51 /* AppDelegate.m */ = {isa = PBXFileReference; lastKnownFileType = sourcecode.c.objc; path = AppDelegate.m; sourceTree = "<group>"; };
		5AA3CB9619BBC9F200D07D51 /* Base */ = {isa = PBXFileReference; lastKnownFileType = file.storyboard; name = Base; path = Base.lproj/Main.storyboard; sourceTree = "<group>"; };
		5AA3CB9819BBC9F200D07D51 /* FeedViewController.h */ = {isa = PBXFileReference; lastKnownFileType = sourcecode.c.h; path = FeedViewController.h; sourceTree = "<group>"; };
		5AA3CB9919BBC9F200D07D51 /* FeedViewController.m */ = {isa = PBXFileReference; lastKnownFileType = sourcecode.c.objc; path = FeedViewController.m; sourceTree = "<group>"; };
		5AA3CB9E19BBC9F200D07D51 /* Images.xcassets */ = {isa = PBXFileReference; lastKnownFileType = folder.assetcatalog; path = Images.xcassets; sourceTree = "<group>"; };
		5AA3CBA419BBC9F200D07D51 /* SpringTests.xctest */ = {isa = PBXFileReference; explicitFileType = wrapper.cfbundle; includeInIndex = 0; path = SpringTests.xctest; sourceTree = BUILT_PRODUCTS_DIR; };
		5AA3CBA519BBC9F200D07D51 /* XCTest.framework */ = {isa = PBXFileReference; lastKnownFileType = wrapper.framework; name = XCTest.framework; path = Library/Frameworks/XCTest.framework; sourceTree = DEVELOPER_DIR; };
		5AA3CBAD19BBC9F200D07D51 /* SpringTests-Info.plist */ = {isa = PBXFileReference; lastKnownFileType = text.plist.xml; path = "SpringTests-Info.plist"; sourceTree = "<group>"; };
		5AA3CBAF19BBC9F200D07D51 /* en */ = {isa = PBXFileReference; lastKnownFileType = text.plist.strings; name = en; path = en.lproj/InfoPlist.strings; sourceTree = "<group>"; };
		5AA3CBB119BBC9F200D07D51 /* SpringTests.m */ = {isa = PBXFileReference; lastKnownFileType = sourcecode.c.objc; path = SpringTests.m; sourceTree = "<group>"; };
		5AA3CBBB19BBF01F00D07D51 /* EventTableViewCell.h */ = {isa = PBXFileReference; fileEncoding = 4; lastKnownFileType = sourcecode.c.h; path = EventTableViewCell.h; sourceTree = "<group>"; };
		5AA3CBBC19BBF01F00D07D51 /* EventTableViewCell.m */ = {isa = PBXFileReference; fileEncoding = 4; lastKnownFileType = sourcecode.c.objc; path = EventTableViewCell.m; sourceTree = "<group>"; };
		5AA4CB4A19FF7F2100E38978 /* AddFriendsViewController.h */ = {isa = PBXFileReference; fileEncoding = 4; lastKnownFileType = sourcecode.c.h; name = AddFriendsViewController.h; path = ../AddFriendsViewController.h; sourceTree = "<group>"; };
		5AA4CB4B19FF7F2100E38978 /* AddFriendsViewController.m */ = {isa = PBXFileReference; fileEncoding = 4; lastKnownFileType = sourcecode.c.objc; name = AddFriendsViewController.m; path = ../AddFriendsViewController.m; sourceTree = "<group>"; };
		5AACDC4619D24B480085DBBC /* FacebookSDK.framework */ = {isa = PBXFileReference; lastKnownFileType = wrapper.framework; path = FacebookSDK.framework; sourceTree = "<group>"; };
		5AACDC4819D24B480085DBBC /* FBAudienceNetwork.framework */ = {isa = PBXFileReference; lastKnownFileType = wrapper.framework; path = FBAudienceNetwork.framework; sourceTree = "<group>"; };
		5AACDC4919D24B480085DBBC /* README.txt */ = {isa = PBXFileReference; fileEncoding = 4; lastKnownFileType = text; path = README.txt; sourceTree = "<group>"; };
		5AACDC7319D24B490085DBBC /* LICENSE */ = {isa = PBXFileReference; fileEncoding = 4; lastKnownFileType = text; path = LICENSE; sourceTree = "<group>"; };
		5AACDC7419D24B490085DBBC /* README.txt */ = {isa = PBXFileReference; fileEncoding = 4; lastKnownFileType = text; path = README.txt; sourceTree = "<group>"; };
		5AACDDF619D263CF0085DBBC /* CoreMotion.framework */ = {isa = PBXFileReference; lastKnownFileType = wrapper.framework; name = CoreMotion.framework; path = System/Library/Frameworks/CoreMotion.framework; sourceTree = SDKROOT; };
		5AACDDF819D264430085DBBC /* CoreTelephony.framework */ = {isa = PBXFileReference; lastKnownFileType = wrapper.framework; name = CoreTelephony.framework; path = System/Library/Frameworks/CoreTelephony.framework; sourceTree = SDKROOT; };
		5AACDDFA19D264A00085DBBC /* AdSupport.framework */ = {isa = PBXFileReference; lastKnownFileType = wrapper.framework; name = AdSupport.framework; path = System/Library/Frameworks/AdSupport.framework; sourceTree = SDKROOT; };
		5AADF9DF19E79CA400D2BCD2 /* Bolts.framework */ = {isa = PBXFileReference; lastKnownFileType = wrapper.framework; path = Bolts.framework; sourceTree = "<group>"; };
		5AADF9E019E79CA400D2BCD2 /* Parse.framework */ = {isa = PBXFileReference; lastKnownFileType = wrapper.framework; path = Parse.framework; sourceTree = "<group>"; };
		5AADF9E119E79CA400D2BCD2 /* ParseFacebookUtils.framework */ = {isa = PBXFileReference; lastKnownFileType = wrapper.framework; path = ParseFacebookUtils.framework; sourceTree = "<group>"; };
		5AADF9E519E79CF100D2BCD2 /* AudioToolbox.framework */ = {isa = PBXFileReference; lastKnownFileType = wrapper.framework; name = AudioToolbox.framework; path = System/Library/Frameworks/AudioToolbox.framework; sourceTree = SDKROOT; };
		5AADF9E719E79D0D00D2BCD2 /* CFNetwork.framework */ = {isa = PBXFileReference; lastKnownFileType = wrapper.framework; name = CFNetwork.framework; path = System/Library/Frameworks/CFNetwork.framework; sourceTree = SDKROOT; };
		5AADF9E919E79D2D00D2BCD2 /* CoreLocation.framework */ = {isa = PBXFileReference; lastKnownFileType = wrapper.framework; name = CoreLocation.framework; path = System/Library/Frameworks/CoreLocation.framework; sourceTree = SDKROOT; };
		5AADF9EB19E79D3E00D2BCD2 /* QuartzCore.framework */ = {isa = PBXFileReference; lastKnownFileType = wrapper.framework; name = QuartzCore.framework; path = System/Library/Frameworks/QuartzCore.framework; sourceTree = SDKROOT; };
		5AADF9ED19E79D4A00D2BCD2 /* libz.dylib */ = {isa = PBXFileReference; lastKnownFileType = "compiled.mach-o.dylib"; name = libz.dylib; path = usr/lib/libz.dylib; sourceTree = SDKROOT; };
		5AADF9EF19E79D5B00D2BCD2 /* MobileCoreServices.framework */ = {isa = PBXFileReference; lastKnownFileType = wrapper.framework; name = MobileCoreServices.framework; path = System/Library/Frameworks/MobileCoreServices.framework; sourceTree = SDKROOT; };
		5AADF9F119E79D6F00D2BCD2 /* Security.framework */ = {isa = PBXFileReference; lastKnownFileType = wrapper.framework; name = Security.framework; path = System/Library/Frameworks/Security.framework; sourceTree = SDKROOT; };
		5AADF9F219E79D6F00D2BCD2 /* StoreKit.framework */ = {isa = PBXFileReference; lastKnownFileType = wrapper.framework; name = StoreKit.framework; path = System/Library/Frameworks/StoreKit.framework; sourceTree = SDKROOT; };
		5AADF9F319E79D6F00D2BCD2 /* SystemConfiguration.framework */ = {isa = PBXFileReference; lastKnownFileType = wrapper.framework; name = SystemConfiguration.framework; path = System/Library/Frameworks/SystemConfiguration.framework; sourceTree = SDKROOT; };
		5AC5501B1A1043680084411F /* EventPostCell.h */ = {isa = PBXFileReference; fileEncoding = 4; lastKnownFileType = sourcecode.c.h; name = EventPostCell.h; path = ../EventPostCell.h; sourceTree = "<group>"; };
		5AC5501C1A1043680084411F /* EventPostCell.m */ = {isa = PBXFileReference; fileEncoding = 4; lastKnownFileType = sourcecode.c.objc; name = EventPostCell.m; path = ../EventPostCell.m; sourceTree = "<group>"; };
		5AC550221A1342190084411F /* GoogleMaps.framework */ = {isa = PBXFileReference; lastKnownFileType = wrapper.framework; path = GoogleMaps.framework; sourceTree = "<group>"; };
		5AC550241A1342470084411F /* GoogleMaps.bundle */ = {isa = PBXFileReference; lastKnownFileType = "wrapper.plug-in"; name = GoogleMaps.bundle; path = GoogleMaps.framework/Versions/A/Resources/GoogleMaps.bundle; sourceTree = "<group>"; };
		5AC550261A13427F0084411F /* CoreData.framework */ = {isa = PBXFileReference; lastKnownFileType = wrapper.framework; name = CoreData.framework; path = System/Library/Frameworks/CoreData.framework; sourceTree = SDKROOT; };
		5AC550281A1342990084411F /* CoreText.framework */ = {isa = PBXFileReference; lastKnownFileType = wrapper.framework; name = CoreText.framework; path = System/Library/Frameworks/CoreText.framework; sourceTree = SDKROOT; };
		5AC5502A1A1342A00084411F /* AVFoundation.framework */ = {isa = PBXFileReference; lastKnownFileType = wrapper.framework; name = AVFoundation.framework; path = System/Library/Frameworks/AVFoundation.framework; sourceTree = SDKROOT; };
		5AC5502C1A1342B60084411F /* GLKit.framework */ = {isa = PBXFileReference; lastKnownFileType = wrapper.framework; name = GLKit.framework; path = System/Library/Frameworks/GLKit.framework; sourceTree = SDKROOT; };
		5AC5502E1A1342C50084411F /* ImageIO.framework */ = {isa = PBXFileReference; lastKnownFileType = wrapper.framework; name = ImageIO.framework; path = System/Library/Frameworks/ImageIO.framework; sourceTree = SDKROOT; };
		5AC550301A1342D40084411F /* libc++.dylib */ = {isa = PBXFileReference; lastKnownFileType = "compiled.mach-o.dylib"; name = "libc++.dylib"; path = "usr/lib/libc++.dylib"; sourceTree = SDKROOT; };
		5AC550321A1342F10084411F /* libicucore.dylib */ = {isa = PBXFileReference; lastKnownFileType = "compiled.mach-o.dylib"; name = libicucore.dylib; path = usr/lib/libicucore.dylib; sourceTree = SDKROOT; };
		5AC550341A1342FC0084411F /* OpenGLES.framework */ = {isa = PBXFileReference; lastKnownFileType = wrapper.framework; name = OpenGLES.framework; path = System/Library/Frameworks/OpenGLES.framework; sourceTree = SDKROOT; };
		5AC550371A1344970084411F /* SelectEventLocationViewController.h */ = {isa = PBXFileReference; fileEncoding = 4; lastKnownFileType = sourcecode.c.h; path = SelectEventLocationViewController.h; sourceTree = "<group>"; };
		5AC550381A1344970084411F /* SelectEventLocationViewController.m */ = {isa = PBXFileReference; fileEncoding = 4; lastKnownFileType = sourcecode.c.objc; path = SelectEventLocationViewController.m; sourceTree = "<group>"; };
		5AC5503A1A1347070084411F /* Social.framework */ = {isa = PBXFileReference; lastKnownFileType = wrapper.framework; name = Social.framework; path = System/Library/Frameworks/Social.framework; sourceTree = SDKROOT; };
		5AC5503C1A13471A0084411F /* Accounts.framework */ = {isa = PBXFileReference; lastKnownFileType = wrapper.framework; name = Accounts.framework; path = System/Library/Frameworks/Accounts.framework; sourceTree = SDKROOT; };
		5AE10DAF1A0410300040BA63 /* RequestsViewController.h */ = {isa = PBXFileReference; fileEncoding = 4; lastKnownFileType = sourcecode.c.h; path = RequestsViewController.h; sourceTree = "<group>"; };
		5AE10DB01A0410300040BA63 /* RequestsViewController.m */ = {isa = PBXFileReference; fileEncoding = 4; lastKnownFileType = sourcecode.c.objc; path = RequestsViewController.m; sourceTree = "<group>"; };
		5AE10DB21A0444D30040BA63 /* CurrentUserRelations.h */ = {isa = PBXFileReference; fileEncoding = 4; lastKnownFileType = sourcecode.c.h; path = CurrentUserRelations.h; sourceTree = "<group>"; };
		5AE10DB31A0444D30040BA63 /* CurrentUserRelations.m */ = {isa = PBXFileReference; fileEncoding = 4; lastKnownFileType = sourcecode.c.objc; path = CurrentUserRelations.m; sourceTree = "<group>"; };
		5AF0835B1A5BB6A5001753FF /* EventInterestCell.swift */ = {isa = PBXFileReference; fileEncoding = 4; lastKnownFileType = sourcecode.swift; path = EventInterestCell.swift; sourceTree = "<group>"; };
		5AF0835D1A5BBA85001753FF /* EventHeaderCell.swift */ = {isa = PBXFileReference; fileEncoding = 4; lastKnownFileType = sourcecode.swift; path = EventHeaderCell.swift; sourceTree = "<group>"; };
		5AF0835F1A5BBBC8001753FF /* EventWritePostCell.swift */ = {isa = PBXFileReference; fileEncoding = 4; lastKnownFileType = sourcecode.swift; path = EventWritePostCell.swift; sourceTree = "<group>"; };
/* End PBXFileReference section */

/* Begin PBXFrameworksBuildPhase section */
		5AA3CB7D19BBC9F200D07D51 /* Frameworks */ = {
			isa = PBXFrameworksBuildPhase;
			buildActionMask = 2147483647;
			files = (
				5AC5503E1A13485B0084411F /* FacebookSDK.framework in Frameworks */,
				5AC5503D1A13471A0084411F /* Accounts.framework in Frameworks */,
				5AC5503B1A1347070084411F /* Social.framework in Frameworks */,
				5AC550351A1342FD0084411F /* OpenGLES.framework in Frameworks */,
				5AC550331A1342F10084411F /* libicucore.dylib in Frameworks */,
				5AC550311A1342D40084411F /* libc++.dylib in Frameworks */,
				5AC5502F1A1342C50084411F /* ImageIO.framework in Frameworks */,
				5AC5502D1A1342B60084411F /* GLKit.framework in Frameworks */,
				5AC5502B1A1342A00084411F /* AVFoundation.framework in Frameworks */,
				5AC550291A1342990084411F /* CoreText.framework in Frameworks */,
				5AC550271A13427F0084411F /* CoreData.framework in Frameworks */,
				5AADF9F419E79D6F00D2BCD2 /* Security.framework in Frameworks */,
				5AADF9F519E79D6F00D2BCD2 /* StoreKit.framework in Frameworks */,
				5AADF9F619E79D6F00D2BCD2 /* SystemConfiguration.framework in Frameworks */,
				5AADF9F019E79D5B00D2BCD2 /* MobileCoreServices.framework in Frameworks */,
				5AADF9EE19E79D4A00D2BCD2 /* libz.dylib in Frameworks */,
				5AADF9EC19E79D3E00D2BCD2 /* QuartzCore.framework in Frameworks */,
				5AC550231A1342190084411F /* GoogleMaps.framework in Frameworks */,
				5AADF9EA19E79D2D00D2BCD2 /* CoreLocation.framework in Frameworks */,
				5AADF9E819E79D0D00D2BCD2 /* CFNetwork.framework in Frameworks */,
				5AADF9E619E79CF100D2BCD2 /* AudioToolbox.framework in Frameworks */,
				5AA3CB8619BBC9F200D07D51 /* CoreGraphics.framework in Frameworks */,
				5AADF9E419E79CA400D2BCD2 /* ParseFacebookUtils.framework in Frameworks */,
				5AA3CB8819BBC9F200D07D51 /* UIKit.framework in Frameworks */,
				5AACDD4719D24B4A0085DBBC /* FBAudienceNetwork.framework in Frameworks */,
				5AA3CB8419BBC9F200D07D51 /* Foundation.framework in Frameworks */,
				5AADF9E319E79CA400D2BCD2 /* Parse.framework in Frameworks */,
			);
			runOnlyForDeploymentPostprocessing = 0;
		};
		5AA3CBA119BBC9F200D07D51 /* Frameworks */ = {
			isa = PBXFrameworksBuildPhase;
			buildActionMask = 2147483647;
			files = (
				5AA3CBA619BBC9F200D07D51 /* XCTest.framework in Frameworks */,
				5AA3CBA819BBC9F200D07D51 /* UIKit.framework in Frameworks */,
				5AA3CBA719BBC9F200D07D51 /* Foundation.framework in Frameworks */,
			);
			runOnlyForDeploymentPostprocessing = 0;
		};
/* End PBXFrameworksBuildPhase section */

/* Begin PBXGroup section */
		5A397D9219DE3C8B00D2EE9F /* Event Privacy */ = {
			isa = PBXGroup;
			children = (
				5A397D8F19DE3C7500D2EE9F /* PrivacyPickerViewController.h */,
				5A397D9019DE3C7500D2EE9F /* PrivacyPickerViewController.m */,
				5A45195419D8B59700B7B346 /* PrivacyPickerTableViewCell.h */,
				5A45195519D8B59700B7B346 /* PrivacyPickerTableViewCell.m */,
			);
			name = "Event Privacy";
			sourceTree = "<group>";
		};
		5A397D9319DE3CA500D2EE9F /* Event Activity */ = {
			isa = PBXGroup;
			children = (
				5A336A1519D512D90062EC98 /* SelectCategoryViewController.h */,
				5A336A1619D512D90062EC98 /* SelectCategoryViewController.m */,
				5A336A1819D516790062EC98 /* SelectActivitiyViewController.h */,
				5A336A1919D516790062EC98 /* SelectActivitiyViewController.m */,
			);
			name = "Event Activity";
			sourceTree = "<group>";
		};
		5A397D9419DE3CBD00D2EE9F /* Event Time */ = {
			isa = PBXGroup;
			children = (
				5A336A1B19D52C2B0062EC98 /* SelectTimeViewController.h */,
				5A336A1C19D52C2B0062EC98 /* SelectTimeViewController.m */,
			);
			name = "Event Time";
			sourceTree = "<group>";
		};
		5A45195719D8BF5500B7B346 /* Event Display */ = {
			isa = PBXGroup;
			children = (
				5A9A11B71A0F213700540AEE /* EventViewController.h */,
				5A9A11B81A0F213700540AEE /* EventViewController.m */,
				5AA3CBBB19BBF01F00D07D51 /* EventTableViewCell.h */,
				5AA3CBBC19BBF01F00D07D51 /* EventTableViewCell.m */,
				5AC5501B1A1043680084411F /* EventPostCell.h */,
				5AC5501C1A1043680084411F /* EventPostCell.m */,
				5AF0835F1A5BBBC8001753FF /* EventWritePostCell.swift */,
				5AF0835D1A5BBA85001753FF /* EventHeaderCell.swift */,
				5AF0835B1A5BB6A5001753FF /* EventInterestCell.swift */,
			);
			name = "Event Display";
			sourceTree = "<group>";
		};
		5AA3CB7719BBC9F200D07D51 = {
			isa = PBXGroup;
			children = (
				5AA3CB8919BBC9F200D07D51 /* Spring */,
				5AA3CBAB19BBC9F200D07D51 /* SpringTests */,
				5AA3CB8219BBC9F200D07D51 /* Frameworks */,
				5AA3CB8119BBC9F200D07D51 /* Products */,
			);
			sourceTree = "<group>";
		};
		5AA3CB8119BBC9F200D07D51 /* Products */ = {
			isa = PBXGroup;
			children = (
				5AA3CB8019BBC9F200D07D51 /* Spring.app */,
				5AA3CBA419BBC9F200D07D51 /* SpringTests.xctest */,
			);
			name = Products;
			sourceTree = "<group>";
		};
		5AA3CB8219BBC9F200D07D51 /* Frameworks */ = {
			isa = PBXGroup;
			children = (
				5AC5503C1A13471A0084411F /* Accounts.framework */,
				5AC5503A1A1347070084411F /* Social.framework */,
				5AC550341A1342FC0084411F /* OpenGLES.framework */,
				5AC550321A1342F10084411F /* libicucore.dylib */,
				5AC550301A1342D40084411F /* libc++.dylib */,
				5AC5502E1A1342C50084411F /* ImageIO.framework */,
				5AC5502C1A1342B60084411F /* GLKit.framework */,
				5AC5502A1A1342A00084411F /* AVFoundation.framework */,
				5AC550281A1342990084411F /* CoreText.framework */,
				5AC550261A13427F0084411F /* CoreData.framework */,
				5AC550241A1342470084411F /* GoogleMaps.bundle */,
				5AC550221A1342190084411F /* GoogleMaps.framework */,
				5AADF9F119E79D6F00D2BCD2 /* Security.framework */,
				5AADF9F219E79D6F00D2BCD2 /* StoreKit.framework */,
				5AADF9F319E79D6F00D2BCD2 /* SystemConfiguration.framework */,
				5AADF9EF19E79D5B00D2BCD2 /* MobileCoreServices.framework */,
				5AADF9ED19E79D4A00D2BCD2 /* libz.dylib */,
				5AADF9EB19E79D3E00D2BCD2 /* QuartzCore.framework */,
				5AADF9E919E79D2D00D2BCD2 /* CoreLocation.framework */,
				5AADF9E719E79D0D00D2BCD2 /* CFNetwork.framework */,
				5AADF9E519E79CF100D2BCD2 /* AudioToolbox.framework */,
				5AADF9DF19E79CA400D2BCD2 /* Bolts.framework */,
				5AADF9E019E79CA400D2BCD2 /* Parse.framework */,
				5AADF9E119E79CA400D2BCD2 /* ParseFacebookUtils.framework */,
				5AACDDFA19D264A00085DBBC /* AdSupport.framework */,
				5AACDDF819D264430085DBBC /* CoreTelephony.framework */,
				5AACDDF619D263CF0085DBBC /* CoreMotion.framework */,
				5AACDC4419D24B480085DBBC /* FacebookSDK */,
				5AA3CB8319BBC9F200D07D51 /* Foundation.framework */,
				5AA3CB8519BBC9F200D07D51 /* CoreGraphics.framework */,
				5AA3CB8719BBC9F200D07D51 /* UIKit.framework */,
				5AA3CBA519BBC9F200D07D51 /* XCTest.framework */,
			);
			name = Frameworks;
			sourceTree = "<group>";
		};
		5AA3CB8919BBC9F200D07D51 /* Spring */ = {
			isa = PBXGroup;
			children = (
				5AA3CB9219BBC9F200D07D51 /* AppDelegate.h */,
				5AA3CB9319BBC9F200D07D51 /* AppDelegate.m */,
				5AA3CB9519BBC9F200D07D51 /* Main.storyboard */,
				5AACDDFD19D37B730085DBBC /* Base Objects */,
				5AACDDFC19D339170085DBBC /* My Interests Tab */,
				5AACDDFF19D37C9C0085DBBC /* Create Event */,
				5A45195719D8BF5500B7B346 /* Event Display */,
				5AADF9F719E7A7B300D2BCD2 /* Login and Sign Up */,
				5A92AEBB19BFE899001C52F7 /* ProfileViewController.h */,
				5A92AEBC19BFE899001C52F7 /* ProfileViewController.m */,
				5AA4CB4919FF7EBF00E38978 /* Friends */,
				5AA3CB9819BBC9F200D07D51 /* FeedViewController.h */,
				5AA3CB9919BBC9F200D07D51 /* FeedViewController.m */,
				5A44C2741A53404800FBB2FC /* FeedViewController.swift */,
				5AA3CB9E19BBC9F200D07D51 /* Images.xcassets */,
				5AA3CB8A19BBC9F200D07D51 /* Supporting Files */,
				5A44C2731A53404800FBB2FC /* Spring-Bridging-Header.h */,
			);
			path = Spring;
			sourceTree = "<group>";
		};
		5AA3CB8A19BBC9F200D07D51 /* Supporting Files */ = {
			isa = PBXGroup;
			children = (
				5AA3CB8B19BBC9F200D07D51 /* Spring-Info.plist */,
				5AA3CB8C19BBC9F200D07D51 /* InfoPlist.strings */,
				5AA3CB8F19BBC9F200D07D51 /* main.m */,
				5AA3CB9119BBC9F200D07D51 /* Spring-Prefix.pch */,
			);
			name = "Supporting Files";
			sourceTree = "<group>";
		};
		5AA3CBAB19BBC9F200D07D51 /* SpringTests */ = {
			isa = PBXGroup;
			children = (
				5AA3CBB119BBC9F200D07D51 /* SpringTests.m */,
				5AA3CBAC19BBC9F200D07D51 /* Supporting Files */,
			);
			path = SpringTests;
			sourceTree = "<group>";
		};
		5AA3CBAC19BBC9F200D07D51 /* Supporting Files */ = {
			isa = PBXGroup;
			children = (
				5AA3CBAD19BBC9F200D07D51 /* SpringTests-Info.plist */,
				5AA3CBAE19BBC9F200D07D51 /* InfoPlist.strings */,
			);
			name = "Supporting Files";
			sourceTree = "<group>";
		};
		5AA4CB4919FF7EBF00E38978 /* Friends */ = {
			isa = PBXGroup;
			children = (
				5A92AEB219BFA486001C52F7 /* FriendsViewController.h */,
				5A92AEB319BFA486001C52F7 /* FriendsViewController.m */,
				5AA4CB4A19FF7F2100E38978 /* AddFriendsViewController.h */,
				5AA4CB4B19FF7F2100E38978 /* AddFriendsViewController.m */,
				5AE10DAF1A0410300040BA63 /* RequestsViewController.h */,
				5AE10DB01A0410300040BA63 /* RequestsViewController.m */,
			);
			name = Friends;
			sourceTree = "<group>";
		};
		5AACDC4419D24B480085DBBC /* FacebookSDK */ = {
			isa = PBXGroup;
			children = (
				5AACDC4619D24B480085DBBC /* FacebookSDK.framework */,
				5AACDC4719D24B480085DBBC /* FBAudienceNetwork */,
				5AACDC7319D24B490085DBBC /* LICENSE */,
				5AACDC7419D24B490085DBBC /* README.txt */,
			);
			name = FacebookSDK;
			path = ../../FacebookSDK;
			sourceTree = "<group>";
		};
		5AACDC4719D24B480085DBBC /* FBAudienceNetwork */ = {
			isa = PBXGroup;
			children = (
				5AACDC4819D24B480085DBBC /* FBAudienceNetwork.framework */,
				5AACDC4919D24B480085DBBC /* README.txt */,
			);
			path = FBAudienceNetwork;
			sourceTree = "<group>";
		};
		5AACDDFC19D339170085DBBC /* My Interests Tab */ = {
			isa = PBXGroup;
			children = (
				5A693E8D19C7B286005C5377 /* AddActivitiesNavController.h */,
				5A693E8E19C7B286005C5377 /* AddActivitiesNavController.m */,
				5A92AEC119C24C90001C52F7 /* MyInterestsViewController.h */,
				5A92AEC219C24C90001C52F7 /* MyInterestsViewController.m */,
				5A693E8419C3A884005C5377 /* CategoryViewController.h */,
				5A693E8519C3A884005C5377 /* CategoryViewController.m */,
				5A693E8719C4A54E005C5377 /* ActivityViewController.h */,
				5A693E8819C4A54E005C5377 /* ActivityViewController.m */,
			);
			name = "My Interests Tab";
			sourceTree = "<group>";
		};
		5AACDDFD19D37B730085DBBC /* Base Objects */ = {
			isa = PBXGroup;
			children = (
				5A92AEC419C251A1001C52F7 /* Activity.h */,
				5A92AEC519C251A1001C52F7 /* Activity.m */,
				5A92AEB519BFA548001C52F7 /* Friend.h */,
				5A92AEB619BFA548001C52F7 /* Friend.m */,
				5AE10DB21A0444D30040BA63 /* CurrentUserRelations.h */,
				5AE10DB31A0444D30040BA63 /* CurrentUserRelations.m */,
			);
			name = "Base Objects";
			sourceTree = "<group>";
		};
		5AACDDFF19D37C9C0085DBBC /* Create Event */ = {
			isa = PBXGroup;
			children = (
				5A336A1219D4EF280062EC98 /* CreateEventTableViewController.h */,
				5A336A1319D4EF280062EC98 /* CreateEventTableViewController.m */,
				5A397D9319DE3CA500D2EE9F /* Event Activity */,
				5AC550361A1344660084411F /* Event Location */,
				5A397D9419DE3CBD00D2EE9F /* Event Time */,
				5A397D9219DE3C8B00D2EE9F /* Event Privacy */,
			);
			name = "Create Event";
			sourceTree = "<group>";
		};
		5AADF9F719E7A7B300D2BCD2 /* Login and Sign Up */ = {
			isa = PBXGroup;
			children = (
				5A44C27A1A5B67AA00FBB2FC /* SignUpViewController.swift */,
				5A44C2761A535DB600FBB2FC /* LoginViewController.swift */,
			);
			name = "Login and Sign Up";
			sourceTree = "<group>";
		};
		5AC550361A1344660084411F /* Event Location */ = {
			isa = PBXGroup;
			children = (
				5AC550371A1344970084411F /* SelectEventLocationViewController.h */,
				5AC550381A1344970084411F /* SelectEventLocationViewController.m */,
			);
			name = "Event Location";
			sourceTree = "<group>";
		};
/* End PBXGroup section */

/* Begin PBXNativeTarget section */
		5AA3CB7F19BBC9F200D07D51 /* Spring */ = {
			isa = PBXNativeTarget;
			buildConfigurationList = 5AA3CBB519BBC9F200D07D51 /* Build configuration list for PBXNativeTarget "Spring" */;
			buildPhases = (
				5AA3CB7C19BBC9F200D07D51 /* Sources */,
				5AA3CB7D19BBC9F200D07D51 /* Frameworks */,
				5AA3CB7E19BBC9F200D07D51 /* Resources */,
			);
			buildRules = (
			);
			dependencies = (
			);
			name = Spring;
			productName = Spring;
			productReference = 5AA3CB8019BBC9F200D07D51 /* Spring.app */;
			productType = "com.apple.product-type.application";
		};
		5AA3CBA319BBC9F200D07D51 /* SpringTests */ = {
			isa = PBXNativeTarget;
			buildConfigurationList = 5AA3CBB819BBC9F200D07D51 /* Build configuration list for PBXNativeTarget "SpringTests" */;
			buildPhases = (
				5AA3CBA019BBC9F200D07D51 /* Sources */,
				5AA3CBA119BBC9F200D07D51 /* Frameworks */,
				5AA3CBA219BBC9F200D07D51 /* Resources */,
			);
			buildRules = (
			);
			dependencies = (
				5AA3CBAA19BBC9F200D07D51 /* PBXTargetDependency */,
			);
			name = SpringTests;
			productName = SpringTests;
			productReference = 5AA3CBA419BBC9F200D07D51 /* SpringTests.xctest */;
			productType = "com.apple.product-type.bundle.unit-test";
		};
/* End PBXNativeTarget section */

/* Begin PBXProject section */
		5AA3CB7819BBC9F200D07D51 /* Project object */ = {
			isa = PBXProject;
			attributes = {
				LastUpgradeCheck = 0510;
				TargetAttributes = {
					5AA3CB7F19BBC9F200D07D51 = {
						DevelopmentTeam = FCFZ9EC7VS;
					};
					5AA3CBA319BBC9F200D07D51 = {
						TestTargetID = 5AA3CB7F19BBC9F200D07D51;
					};
				};
			};
			buildConfigurationList = 5AA3CB7B19BBC9F200D07D51 /* Build configuration list for PBXProject "Spring" */;
			compatibilityVersion = "Xcode 3.2";
			developmentRegion = English;
			hasScannedForEncodings = 0;
			knownRegions = (
				en,
				Base,
				he,
			);
			mainGroup = 5AA3CB7719BBC9F200D07D51;
			productRefGroup = 5AA3CB8119BBC9F200D07D51 /* Products */;
			projectDirPath = "";
			projectRoot = "";
			targets = (
				5AA3CB7F19BBC9F200D07D51 /* Spring */,
				5AA3CBA319BBC9F200D07D51 /* SpringTests */,
			);
		};
/* End PBXProject section */

/* Begin PBXResourcesBuildPhase section */
		5AA3CB7E19BBC9F200D07D51 /* Resources */ = {
			isa = PBXResourcesBuildPhase;
			buildActionMask = 2147483647;
			files = (
				5AA3CB9F19BBC9F200D07D51 /* Images.xcassets in Resources */,
				5AA3CB8E19BBC9F200D07D51 /* InfoPlist.strings in Resources */,
				5AA3CB9719BBC9F200D07D51 /* Main.storyboard in Resources */,
				5AACDD5F19D24B4A0085DBBC /* LICENSE in Resources */,
				5AC550251A1342470084411F /* GoogleMaps.bundle in Resources */,
			);
			runOnlyForDeploymentPostprocessing = 0;
		};
		5AA3CBA219BBC9F200D07D51 /* Resources */ = {
			isa = PBXResourcesBuildPhase;
			buildActionMask = 2147483647;
			files = (
				5AA3CBB019BBC9F200D07D51 /* InfoPlist.strings in Resources */,
			);
			runOnlyForDeploymentPostprocessing = 0;
		};
/* End PBXResourcesBuildPhase section */

/* Begin PBXSourcesBuildPhase section */
		5AA3CB7C19BBC9F200D07D51 /* Sources */ = {
			isa = PBXSourcesBuildPhase;
			buildActionMask = 2147483647;
			files = (
				5A336A1D19D52C2B0062EC98 /* SelectTimeViewController.m in Sources */,
				5A45195619D8B59700B7B346 /* PrivacyPickerTableViewCell.m in Sources */,
				5A9A11B91A0F213700540AEE /* EventViewController.m in Sources */,
				5A693E8F19C7B286005C5377 /* AddActivitiesNavController.m in Sources */,
				5A92AEC619C251A1001C52F7 /* Activity.m in Sources */,
				5AC5501D1A1043680084411F /* EventPostCell.m in Sources */,
				5A693E8619C3A884005C5377 /* CategoryViewController.m in Sources */,
				5A336A1A19D516790062EC98 /* SelectActivitiyViewController.m in Sources */,
				5A92AEB719BFA548001C52F7 /* Friend.m in Sources */,
				5AF0835C1A5BB6A5001753FF /* EventInterestCell.swift in Sources */,
				5A336A1419D4EF280062EC98 /* CreateEventTableViewController.m in Sources */,
				5AA3CB9419BBC9F200D07D51 /* AppDelegate.m in Sources */,
				5A92AEB419BFA486001C52F7 /* FriendsViewController.m in Sources */,
				5A44C2771A535DB600FBB2FC /* LoginViewController.swift in Sources */,
				5AE10DB41A0444D30040BA63 /* CurrentUserRelations.m in Sources */,
				5AA4CB4C19FF7F2100E38978 /* AddFriendsViewController.m in Sources */,
				5AA3CB9A19BBC9F200D07D51 /* FeedViewController.m in Sources */,
				5A44C27B1A5B67AA00FBB2FC /* SignUpViewController.swift in Sources */,
				5AE10DB11A0410300040BA63 /* RequestsViewController.m in Sources */,
				5A92AEBD19BFE899001C52F7 /* ProfileViewController.m in Sources */,
				5A397D9119DE3C7500D2EE9F /* PrivacyPickerViewController.m in Sources */,
				5AF083601A5BBBC8001753FF /* EventWritePostCell.swift in Sources */,
				5A336A1719D512D90062EC98 /* SelectCategoryViewController.m in Sources */,
				5AC550391A1344970084411F /* SelectEventLocationViewController.m in Sources */,
				5A44C2751A53404800FBB2FC /* FeedViewController.swift in Sources */,
				5AA3CB9019BBC9F200D07D51 /* main.m in Sources */,
				5AF0835E1A5BBA85001753FF /* EventHeaderCell.swift in Sources */,
				5A92AEC319C24C90001C52F7 /* MyInterestsViewController.m in Sources */,
				5AA3CBBD19BBF01F00D07D51 /* EventTableViewCell.m in Sources */,
				5A693E8919C4A54E005C5377 /* ActivityViewController.m in Sources */,
			);
			runOnlyForDeploymentPostprocessing = 0;
		};
		5AA3CBA019BBC9F200D07D51 /* Sources */ = {
			isa = PBXSourcesBuildPhase;
			buildActionMask = 2147483647;
			files = (
				5AA3CBB219BBC9F200D07D51 /* SpringTests.m in Sources */,
			);
			runOnlyForDeploymentPostprocessing = 0;
		};
/* End PBXSourcesBuildPhase section */

/* Begin PBXTargetDependency section */
		5AA3CBAA19BBC9F200D07D51 /* PBXTargetDependency */ = {
			isa = PBXTargetDependency;
			target = 5AA3CB7F19BBC9F200D07D51 /* Spring */;
			targetProxy = 5AA3CBA919BBC9F200D07D51 /* PBXContainerItemProxy */;
		};
/* End PBXTargetDependency section */

/* Begin PBXVariantGroup section */
		5AA3CB8C19BBC9F200D07D51 /* InfoPlist.strings */ = {
			isa = PBXVariantGroup;
			children = (
				5AA3CB8D19BBC9F200D07D51 /* en */,
			);
			name = InfoPlist.strings;
			sourceTree = "<group>";
		};
		5AA3CB9519BBC9F200D07D51 /* Main.storyboard */ = {
			isa = PBXVariantGroup;
			children = (
				5AA3CB9619BBC9F200D07D51 /* Base */,
			);
			name = Main.storyboard;
			sourceTree = "<group>";
		};
		5AA3CBAE19BBC9F200D07D51 /* InfoPlist.strings */ = {
			isa = PBXVariantGroup;
			children = (
				5AA3CBAF19BBC9F200D07D51 /* en */,
			);
			name = InfoPlist.strings;
			sourceTree = "<group>";
		};
/* End PBXVariantGroup section */

/* Begin XCBuildConfiguration section */
		5AA3CBB319BBC9F200D07D51 /* Debug */ = {
			isa = XCBuildConfiguration;
			buildSettings = {
				ALWAYS_SEARCH_USER_PATHS = NO;
				CLANG_CXX_LANGUAGE_STANDARD = "gnu++0x";
				CLANG_CXX_LIBRARY = "libc++";
				CLANG_ENABLE_MODULES = YES;
				CLANG_ENABLE_OBJC_ARC = YES;
				CLANG_WARN_BOOL_CONVERSION = YES;
				CLANG_WARN_CONSTANT_CONVERSION = YES;
				CLANG_WARN_DIRECT_OBJC_ISA_USAGE = YES_ERROR;
				CLANG_WARN_EMPTY_BODY = YES;
				CLANG_WARN_ENUM_CONVERSION = YES;
				CLANG_WARN_INT_CONVERSION = YES;
				CLANG_WARN_OBJC_ROOT_CLASS = YES_ERROR;
				CLANG_WARN__DUPLICATE_METHOD_MATCH = YES;
				"CODE_SIGN_IDENTITY[sdk=iphoneos*]" = "iPhone Developer";
				COPY_PHASE_STRIP = NO;
				GCC_C_LANGUAGE_STANDARD = gnu99;
				GCC_DYNAMIC_NO_PIC = NO;
				GCC_OPTIMIZATION_LEVEL = 0;
				GCC_PREPROCESSOR_DEFINITIONS = (
					"DEBUG=1",
					"$(inherited)",
				);
				GCC_SYMBOLS_PRIVATE_EXTERN = NO;
				GCC_WARN_64_TO_32_BIT_CONVERSION = YES;
				GCC_WARN_ABOUT_RETURN_TYPE = YES_ERROR;
				GCC_WARN_UNDECLARED_SELECTOR = YES;
				GCC_WARN_UNINITIALIZED_AUTOS = YES_AGGRESSIVE;
				GCC_WARN_UNUSED_FUNCTION = YES;
				GCC_WARN_UNUSED_VARIABLE = YES;
				IPHONEOS_DEPLOYMENT_TARGET = 7.1;
				ONLY_ACTIVE_ARCH = YES;
				"OTHER_LDFLAGS[arch=*]" = "-ObjC";
				SDKROOT = iphoneos;
			};
			name = Debug;
		};
		5AA3CBB419BBC9F200D07D51 /* Release */ = {
			isa = XCBuildConfiguration;
			buildSettings = {
				ALWAYS_SEARCH_USER_PATHS = NO;
				CLANG_CXX_LANGUAGE_STANDARD = "gnu++0x";
				CLANG_CXX_LIBRARY = "libc++";
				CLANG_ENABLE_MODULES = YES;
				CLANG_ENABLE_OBJC_ARC = YES;
				CLANG_WARN_BOOL_CONVERSION = YES;
				CLANG_WARN_CONSTANT_CONVERSION = YES;
				CLANG_WARN_DIRECT_OBJC_ISA_USAGE = YES_ERROR;
				CLANG_WARN_EMPTY_BODY = YES;
				CLANG_WARN_ENUM_CONVERSION = YES;
				CLANG_WARN_INT_CONVERSION = YES;
				CLANG_WARN_OBJC_ROOT_CLASS = YES_ERROR;
				CLANG_WARN__DUPLICATE_METHOD_MATCH = YES;
				"CODE_SIGN_IDENTITY[sdk=iphoneos*]" = "iPhone Developer";
				COPY_PHASE_STRIP = YES;
				ENABLE_NS_ASSERTIONS = NO;
				GCC_C_LANGUAGE_STANDARD = gnu99;
				GCC_WARN_64_TO_32_BIT_CONVERSION = YES;
				GCC_WARN_ABOUT_RETURN_TYPE = YES_ERROR;
				GCC_WARN_UNDECLARED_SELECTOR = YES;
				GCC_WARN_UNINITIALIZED_AUTOS = YES_AGGRESSIVE;
				GCC_WARN_UNUSED_FUNCTION = YES;
				GCC_WARN_UNUSED_VARIABLE = YES;
				IPHONEOS_DEPLOYMENT_TARGET = 7.1;
				"OTHER_LDFLAGS[arch=*]" = "-ObjC";
				SDKROOT = iphoneos;
				VALIDATE_PRODUCT = YES;
			};
			name = Release;
		};
		5AA3CBB619BBC9F200D07D51 /* Debug */ = {
			isa = XCBuildConfiguration;
			buildSettings = {
				ASSETCATALOG_COMPILER_APPICON_NAME = AppIcon;
				ASSETCATALOG_COMPILER_LAUNCHIMAGE_NAME = LaunchImage;
				CLANG_ENABLE_MODULES = YES;
				CODE_SIGN_IDENTITY = "iPhone Developer";
				"CODE_SIGN_IDENTITY[sdk=iphoneos*]" = "iPhone Developer";
				FRAMEWORK_SEARCH_PATHS = (
					"$(inherited)",
					/Users/joeyasperger/Documents/FacebookSDK,
					/Users/joeyasperger/Documents/FacebookSDK/FBAudienceNetwork,
					"$(PROJECT_DIR)",
				);
				GCC_PRECOMPILE_PREFIX_HEADER = YES;
				GCC_PREFIX_HEADER = "Spring/Spring-Prefix.pch";
				INFOPLIST_FILE = "Spring/Spring-Info.plist";
				LD_RUNPATH_SEARCH_PATHS = "$(inherited) @executable_path/Frameworks";
				PRODUCT_NAME = "$(TARGET_NAME)";
				PROVISIONING_PROFILE = "";
				SWIFT_OBJC_BRIDGING_HEADER = "Spring/Spring-Bridging-Header.h";
				SWIFT_OPTIMIZATION_LEVEL = "-Onone";
				WRAPPER_EXTENSION = app;
			};
			name = Debug;
		};
		5AA3CBB719BBC9F200D07D51 /* Release */ = {
			isa = XCBuildConfiguration;
			buildSettings = {
				ASSETCATALOG_COMPILER_APPICON_NAME = AppIcon;
				ASSETCATALOG_COMPILER_LAUNCHIMAGE_NAME = LaunchImage;
				CLANG_ENABLE_MODULES = YES;
				CODE_SIGN_IDENTITY = "iPhone Developer";
				"CODE_SIGN_IDENTITY[sdk=iphoneos*]" = "iPhone Developer";
				FRAMEWORK_SEARCH_PATHS = (
					"$(inherited)",
					/Users/joeyasperger/Documents/FacebookSDK,
					/Users/joeyasperger/Documents/FacebookSDK/FBAudienceNetwork,
					"$(PROJECT_DIR)",
				);
				GCC_PRECOMPILE_PREFIX_HEADER = YES;
				GCC_PREFIX_HEADER = "Spring/Spring-Prefix.pch";
				INFOPLIST_FILE = "Spring/Spring-Info.plist";
				LD_RUNPATH_SEARCH_PATHS = "$(inherited) @executable_path/Frameworks";
				PRODUCT_NAME = "$(TARGET_NAME)";
				PROVISIONING_PROFILE = "";
				SWIFT_OBJC_BRIDGING_HEADER = "Spring/Spring-Bridging-Header.h";
				WRAPPER_EXTENSION = app;
			};
			name = Release;
		};
		5AA3CBB919BBC9F200D07D51 /* Debug */ = {
			isa = XCBuildConfiguration;
			buildSettings = {
				BUNDLE_LOADER = "$(BUILT_PRODUCTS_DIR)/Spring.app/Spring";
				FRAMEWORK_SEARCH_PATHS = (
					"$(SDKROOT)/Developer/Library/Frameworks",
					"$(inherited)",
					"$(DEVELOPER_FRAMEWORKS_DIR)",
				);
				GCC_PRECOMPILE_PREFIX_HEADER = YES;
				GCC_PREFIX_HEADER = "Spring/Spring-Prefix.pch";
				GCC_PREPROCESSOR_DEFINITIONS = (
					"DEBUG=1",
					"$(inherited)",
				);
				INFOPLIST_FILE = "SpringTests/SpringTests-Info.plist";
				PRODUCT_NAME = "$(TARGET_NAME)";
				TEST_HOST = "$(BUNDLE_LOADER)";
				WRAPPER_EXTENSION = xctest;
			};
			name = Debug;
		};
		5AA3CBBA19BBC9F200D07D51 /* Release */ = {
			isa = XCBuildConfiguration;
			buildSettings = {
				BUNDLE_LOADER = "$(BUILT_PRODUCTS_DIR)/Spring.app/Spring";
				FRAMEWORK_SEARCH_PATHS = (
					"$(SDKROOT)/Developer/Library/Frameworks",
					"$(inherited)",
					"$(DEVELOPER_FRAMEWORKS_DIR)",
				);
				GCC_PRECOMPILE_PREFIX_HEADER = YES;
				GCC_PREFIX_HEADER = "Spring/Spring-Prefix.pch";
				INFOPLIST_FILE = "SpringTests/SpringTests-Info.plist";
				PRODUCT_NAME = "$(TARGET_NAME)";
				TEST_HOST = "$(BUNDLE_LOADER)";
				WRAPPER_EXTENSION = xctest;
			};
			name = Release;
		};
/* End XCBuildConfiguration section */

/* Begin XCConfigurationList section */
		5AA3CB7B19BBC9F200D07D51 /* Build configuration list for PBXProject "Spring" */ = {
			isa = XCConfigurationList;
			buildConfigurations = (
				5AA3CBB319BBC9F200D07D51 /* Debug */,
				5AA3CBB419BBC9F200D07D51 /* Release */,
			);
			defaultConfigurationIsVisible = 0;
			defaultConfigurationName = Release;
		};
		5AA3CBB519BBC9F200D07D51 /* Build configuration list for PBXNativeTarget "Spring" */ = {
			isa = XCConfigurationList;
			buildConfigurations = (
				5AA3CBB619BBC9F200D07D51 /* Debug */,
				5AA3CBB719BBC9F200D07D51 /* Release */,
			);
			defaultConfigurationIsVisible = 0;
			defaultConfigurationName = Release;
		};
		5AA3CBB819BBC9F200D07D51 /* Build configuration list for PBXNativeTarget "SpringTests" */ = {
			isa = XCConfigurationList;
			buildConfigurations = (
				5AA3CBB919BBC9F200D07D51 /* Debug */,
				5AA3CBBA19BBC9F200D07D51 /* Release */,
			);
			defaultConfigurationIsVisible = 0;
			defaultConfigurationName = Release;
		};
/* End XCConfigurationList section */
	};
	rootObject = 5AA3CB7819BBC9F200D07D51 /* Project object */;
}
