// !$*UTF8*$!
{
	archiveVersion = 1;
	classes = {
	};
	objectVersion = 45;
	objects = {

/* Begin PBXBuildFile section */
		1D3623260D0F684500981E51 /* SonnetAppDelegate.m in Sources */ = {isa = PBXBuildFile; fileRef = 1D3623250D0F684500981E51 /* SonnetAppDelegate.m */; };
		1D60589B0D05DD56006BFB54 /* main.m in Sources */ = {isa = PBXBuildFile; fileRef = 29B97316FDCFA39411CA2CEA /* main.m */; };
		1D60589F0D05DD5A006BFB54 /* Foundation.framework in Frameworks */ = {isa = PBXBuildFile; fileRef = 1D30AB110D05D00D00671497 /* Foundation.framework */; };
		1DF5F4E00D08C38300B7A737 /* UIKit.framework in Frameworks */ = {isa = PBXBuildFile; fileRef = 1DF5F4DF0D08C38300B7A737 /* UIKit.framework */; };
		2892E4100DC94CBA00A64D0F /* CoreGraphics.framework in Frameworks */ = {isa = PBXBuildFile; fileRef = 2892E40F0DC94CBA00A64D0F /* CoreGraphics.framework */; };
		2899E5600DE3E45000AC0155 /* RootViewController.xib in Resources */ = {isa = PBXBuildFile; fileRef = 2899E55F0DE3E45000AC0155 /* RootViewController.xib */; };
		28AD73600D9D9599002E5188 /* MainWindow.xib in Resources */ = {isa = PBXBuildFile; fileRef = 28AD735F0D9D9599002E5188 /* MainWindow.xib */; };
		28C286E10D94DF7D0034E888 /* RootViewController.m in Sources */ = {isa = PBXBuildFile; fileRef = 28C286E00D94DF7D0034E888 /* RootViewController.m */; };
		AB2546A60EC7D38B00A8FA08 /* littleBackground.png in Resources */ = {isa = PBXBuildFile; fileRef = AB2546A40EC7D38B00A8FA08 /* littleBackground.png */; };
		AB2546A70EC7D38B00A8FA08 /* bigBackground.png in Resources */ = {isa = PBXBuildFile; fileRef = AB2546A50EC7D38B00A8FA08 /* bigBackground.png */; };
		AB2546CA0EC7D71500A8FA08 /* GRSonnetViewController.xib in Resources */ = {isa = PBXBuildFile; fileRef = AB2546C90EC7D71500A8FA08 /* GRSonnetViewController.xib */; };
		AB2546CD0EC7D80C00A8FA08 /* GRSonnetViewController.m in Sources */ = {isa = PBXBuildFile; fileRef = AB2546CC0EC7D80C00A8FA08 /* GRSonnetViewController.m */; };
		AB2547C90EC7EBF900A8FA08 /* bigBackgroundRotated.png in Resources */ = {isa = PBXBuildFile; fileRef = AB2547C80EC7EBF900A8FA08 /* bigBackgroundRotated.png */; };
		AB2548490EC7F4E200A8FA08 /* GRSonnet.m in Sources */ = {isa = PBXBuildFile; fileRef = AB2548480EC7F4E200A8FA08 /* GRSonnet.m */; };
		AB38615C0ED7B47B0053BA96 /* Default.png in Resources */ = {isa = PBXBuildFile; fileRef = AB38615B0ED7B47B0053BA96 /* Default.png */; };
		AB48EECD0ED2A3A400515787 /* SonnetsDefault.plist in Resources */ = {isa = PBXBuildFile; fileRef = AB48EECC0ED2A3A400515787 /* SonnetsDefault.plist */; };
		AB4AF9D90ECE8FCB00552F08 /* GRBackgroundImageView.m in Sources */ = {isa = PBXBuildFile; fileRef = AB4AF9D80ECE8FCB00552F08 /* GRBackgroundImageView.m */; };
		AB4AFBED0ED10EE600552F08 /* GRContactUsViewController.xib in Resources */ = {isa = PBXBuildFile; fileRef = AB4AFBEC0ED10EE600552F08 /* GRContactUsViewController.xib */; };
		AB4AFBF30ED1108400552F08 /* GRContactUsViewController.m in Sources */ = {isa = PBXBuildFile; fileRef = AB4AFBF20ED1108400552F08 /* GRContactUsViewController.m */; };
		AB4AFC290ED113E600552F08 /* iphone.css in Resources */ = {isa = PBXBuildFile; fileRef = AB4AFC270ED113E600552F08 /* iphone.css */; };
		AB4AFC2A0ED113E600552F08 /* contact.html in Resources */ = {isa = PBXBuildFile; fileRef = AB4AFC280ED113E600552F08 /* contact.html */; };
		ABE79C660EC76CB800E5D56C /* GRSonnetRootTableCell.m in Sources */ = {isa = PBXBuildFile; fileRef = ABE79C640EC76CB800E5D56C /* GRSonnetRootTableCell.m */; };
		ABE79CC50EC771F400E5D56C /* GRSonnetRootTableCellView.m in Sources */ = {isa = PBXBuildFile; fileRef = ABE79CC40EC771F400E5D56C /* GRSonnetRootTableCellView.m */; };
		ABE79CCF0EC7728200E5D56C /* NSString+UUID.m in Sources */ = {isa = PBXBuildFile; fileRef = ABE79CC80EC7728200E5D56C /* NSString+UUID.m */; };
		ABE79CD00EC7728200E5D56C /* GRPlistModel.m in Sources */ = {isa = PBXBuildFile; fileRef = ABE79CCA0EC7728200E5D56C /* GRPlistModel.m */; };
		ABE79CD10EC7728200E5D56C /* GRPlistController.m in Sources */ = {isa = PBXBuildFile; fileRef = ABE79CCD0EC7728200E5D56C /* GRPlistController.m */; };
		ABE79D050EC779EE00E5D56C /* Reachability.m in Sources */ = {isa = PBXBuildFile; fileRef = ABE79D030EC779EE00E5D56C /* Reachability.m */; };
		ABE79D6B0EC792B400E5D56C /* SystemConfiguration.framework in Frameworks */ = {isa = PBXBuildFile; fileRef = ABE79D6A0EC792B400E5D56C /* SystemConfiguration.framework */; };
		ABECCF4A0ED774B800FDF5AE /* icon.png in Resources */ = {isa = PBXBuildFile; fileRef = ABECCF490ED774B800FDF5AE /* icon.png */; };
/* End PBXBuildFile section */

/* Begin PBXFileReference section */
		1D30AB110D05D00D00671497 /* Foundation.framework */ = {isa = PBXFileReference; lastKnownFileType = wrapper.framework; name = Foundation.framework; path = System/Library/Frameworks/Foundation.framework; sourceTree = SDKROOT; };
		1D3623240D0F684500981E51 /* SonnetAppDelegate.h */ = {isa = PBXFileReference; fileEncoding = 4; lastKnownFileType = sourcecode.c.h; path = SonnetAppDelegate.h; sourceTree = "<group>"; };
		1D3623250D0F684500981E51 /* SonnetAppDelegate.m */ = {isa = PBXFileReference; fileEncoding = 4; lastKnownFileType = sourcecode.c.objc; path = SonnetAppDelegate.m; sourceTree = "<group>"; };
		1D6058910D05DD3D006BFB54 /* Sonnet.app */ = {isa = PBXFileReference; explicitFileType = wrapper.application; includeInIndex = 0; path = Sonnet.app; sourceTree = BUILT_PRODUCTS_DIR; };
		1DF5F4DF0D08C38300B7A737 /* UIKit.framework */ = {isa = PBXFileReference; lastKnownFileType = wrapper.framework; name = UIKit.framework; path = System/Library/Frameworks/UIKit.framework; sourceTree = SDKROOT; };
		2892E40F0DC94CBA00A64D0F /* CoreGraphics.framework */ = {isa = PBXFileReference; lastKnownFileType = wrapper.framework; name = CoreGraphics.framework; path = System/Library/Frameworks/CoreGraphics.framework; sourceTree = SDKROOT; };
		2899E55F0DE3E45000AC0155 /* RootViewController.xib */ = {isa = PBXFileReference; lastKnownFileType = file.xib; path = RootViewController.xib; sourceTree = "<group>"; };
		28A0AAE50D9B0CCF005BE974 /* Sonnet_Prefix.pch */ = {isa = PBXFileReference; fileEncoding = 4; lastKnownFileType = sourcecode.c.h; path = Sonnet_Prefix.pch; sourceTree = "<group>"; };
		28AD735F0D9D9599002E5188 /* MainWindow.xib */ = {isa = PBXFileReference; lastKnownFileType = file.xib; path = MainWindow.xib; sourceTree = "<group>"; };
		28C286DF0D94DF7D0034E888 /* RootViewController.h */ = {isa = PBXFileReference; fileEncoding = 4; lastKnownFileType = sourcecode.c.h; path = RootViewController.h; sourceTree = "<group>"; };
		28C286E00D94DF7D0034E888 /* RootViewController.m */ = {isa = PBXFileReference; fileEncoding = 4; lastKnownFileType = sourcecode.c.objc; path = RootViewController.m; sourceTree = "<group>"; };
		29B97316FDCFA39411CA2CEA /* main.m */ = {isa = PBXFileReference; fileEncoding = 4; lastKnownFileType = sourcecode.c.objc; path = main.m; sourceTree = "<group>"; };
		8D1107310486CEB800E47090 /* Info.plist */ = {isa = PBXFileReference; fileEncoding = 4; lastKnownFileType = text.plist.xml; path = Info.plist; sourceTree = "<group>"; };
		AB2546A40EC7D38B00A8FA08 /* littleBackground.png */ = {isa = PBXFileReference; lastKnownFileType = image.png; path = littleBackground.png; sourceTree = "<group>"; };
		AB2546A50EC7D38B00A8FA08 /* bigBackground.png */ = {isa = PBXFileReference; lastKnownFileType = image.png; path = bigBackground.png; sourceTree = "<group>"; };
		AB2546C90EC7D71500A8FA08 /* GRSonnetViewController.xib */ = {isa = PBXFileReference; lastKnownFileType = file.xib; path = GRSonnetViewController.xib; sourceTree = "<group>"; };
		AB2546CB0EC7D80C00A8FA08 /* GRSonnetViewController.h */ = {isa = PBXFileReference; fileEncoding = 4; lastKnownFileType = sourcecode.c.h; path = GRSonnetViewController.h; sourceTree = "<group>"; };
		AB2546CC0EC7D80C00A8FA08 /* GRSonnetViewController.m */ = {isa = PBXFileReference; fileEncoding = 4; lastKnownFileType = sourcecode.c.objc; path = GRSonnetViewController.m; sourceTree = "<group>"; };
		AB2547C80EC7EBF900A8FA08 /* bigBackgroundRotated.png */ = {isa = PBXFileReference; lastKnownFileType = image.png; path = bigBackgroundRotated.png; sourceTree = "<group>"; };
		AB2548470EC7F4E200A8FA08 /* GRSonnet.h */ = {isa = PBXFileReference; fileEncoding = 4; lastKnownFileType = sourcecode.c.h; path = GRSonnet.h; sourceTree = "<group>"; };
		AB2548480EC7F4E200A8FA08 /* GRSonnet.m */ = {isa = PBXFileReference; fileEncoding = 4; lastKnownFileType = sourcecode.c.objc; path = GRSonnet.m; sourceTree = "<group>"; };
		AB38615B0ED7B47B0053BA96 /* Default.png */ = {isa = PBXFileReference; lastKnownFileType = image.png; path = Default.png; sourceTree = "<group>"; };
		AB48EECC0ED2A3A400515787 /* SonnetsDefault.plist */ = {isa = PBXFileReference; fileEncoding = 4; lastKnownFileType = text.plist; path = SonnetsDefault.plist; sourceTree = "<group>"; };
		AB4AF9D70ECE8FCB00552F08 /* GRBackgroundImageView.h */ = {isa = PBXFileReference; fileEncoding = 4; lastKnownFileType = sourcecode.c.h; path = GRBackgroundImageView.h; sourceTree = "<group>"; };
		AB4AF9D80ECE8FCB00552F08 /* GRBackgroundImageView.m */ = {isa = PBXFileReference; fileEncoding = 4; lastKnownFileType = sourcecode.c.objc; path = GRBackgroundImageView.m; sourceTree = "<group>"; };
		AB4AFBEC0ED10EE600552F08 /* GRContactUsViewController.xib */ = {isa = PBXFileReference; lastKnownFileType = file.xib; path = GRContactUsViewController.xib; sourceTree = "<group>"; };
		AB4AFBF10ED1108400552F08 /* GRContactUsViewController.h */ = {isa = PBXFileReference; fileEncoding = 4; lastKnownFileType = sourcecode.c.h; path = GRContactUsViewController.h; sourceTree = "<group>"; };
		AB4AFBF20ED1108400552F08 /* GRContactUsViewController.m */ = {isa = PBXFileReference; fileEncoding = 4; lastKnownFileType = sourcecode.c.objc; path = GRContactUsViewController.m; sourceTree = "<group>"; };
		AB4AFC270ED113E600552F08 /* iphone.css */ = {isa = PBXFileReference; fileEncoding = 4; lastKnownFileType = text.css; path = iphone.css; sourceTree = SOURCE_ROOT; };
		AB4AFC280ED113E600552F08 /* contact.html */ = {isa = PBXFileReference; fileEncoding = 4; lastKnownFileType = text.html; path = contact.html; sourceTree = SOURCE_ROOT; };
		ABE79C640EC76CB800E5D56C /* GRSonnetRootTableCell.m */ = {isa = PBXFileReference; fileEncoding = 4; lastKnownFileType = sourcecode.c.objc; path = GRSonnetRootTableCell.m; sourceTree = "<group>"; };
		ABE79C650EC76CB800E5D56C /* GRSonnetRootTableCell.h */ = {isa = PBXFileReference; fileEncoding = 4; lastKnownFileType = sourcecode.c.h; path = GRSonnetRootTableCell.h; sourceTree = "<group>"; };
		ABE79CC30EC771F400E5D56C /* GRSonnetRootTableCellView.h */ = {isa = PBXFileReference; fileEncoding = 4; lastKnownFileType = sourcecode.c.h; path = GRSonnetRootTableCellView.h; sourceTree = "<group>"; };
		ABE79CC40EC771F400E5D56C /* GRSonnetRootTableCellView.m */ = {isa = PBXFileReference; fileEncoding = 4; lastKnownFileType = sourcecode.c.objc; path = GRSonnetRootTableCellView.m; sourceTree = "<group>"; };
		ABE79CC80EC7728200E5D56C /* NSString+UUID.m */ = {isa = PBXFileReference; fileEncoding = 4; lastKnownFileType = sourcecode.c.objc; name = "NSString+UUID.m"; path = "../PlistLoader/NSString+UUID.m"; sourceTree = SOURCE_ROOT; };
		ABE79CC90EC7728200E5D56C /* NSString+UUID.h */ = {isa = PBXFileReference; fileEncoding = 4; lastKnownFileType = sourcecode.c.h; name = "NSString+UUID.h"; path = "../PlistLoader/NSString+UUID.h"; sourceTree = SOURCE_ROOT; };
		ABE79CCA0EC7728200E5D56C /* GRPlistModel.m */ = {isa = PBXFileReference; fileEncoding = 4; lastKnownFileType = sourcecode.c.objc; name = GRPlistModel.m; path = ../PlistLoader/GRPlistModel.m; sourceTree = SOURCE_ROOT; };
		ABE79CCB0EC7728200E5D56C /* GRPlistModel.h */ = {isa = PBXFileReference; fileEncoding = 4; lastKnownFileType = sourcecode.c.h; name = GRPlistModel.h; path = ../PlistLoader/GRPlistModel.h; sourceTree = SOURCE_ROOT; };
		ABE79CCC0EC7728200E5D56C /* GRPlistControllerDelegateProtocol.h */ = {isa = PBXFileReference; fileEncoding = 4; lastKnownFileType = sourcecode.c.h; name = GRPlistControllerDelegateProtocol.h; path = ../PlistLoader/GRPlistControllerDelegateProtocol.h; sourceTree = SOURCE_ROOT; };
		ABE79CCD0EC7728200E5D56C /* GRPlistController.m */ = {isa = PBXFileReference; fileEncoding = 4; lastKnownFileType = sourcecode.c.objc; name = GRPlistController.m; path = ../PlistLoader/GRPlistController.m; sourceTree = SOURCE_ROOT; };
		ABE79CCE0EC7728200E5D56C /* GRPlistController.h */ = {isa = PBXFileReference; fileEncoding = 4; lastKnownFileType = sourcecode.c.h; name = GRPlistController.h; path = ../PlistLoader/GRPlistController.h; sourceTree = SOURCE_ROOT; };
		ABE79D030EC779EE00E5D56C /* Reachability.m */ = {isa = PBXFileReference; fileEncoding = 4; lastKnownFileType = sourcecode.c.objc; name = Reachability.m; path = ../PlistLoader/Classes/Reachability.m; sourceTree = SOURCE_ROOT; };
		ABE79D040EC779EE00E5D56C /* Reachability.h */ = {isa = PBXFileReference; fileEncoding = 4; lastKnownFileType = sourcecode.c.h; name = Reachability.h; path = ../PlistLoader/Classes/Reachability.h; sourceTree = SOURCE_ROOT; };
		ABE79D550EC78F6400E5D56C /* GRUtils.h */ = {isa = PBXFileReference; fileEncoding = 4; lastKnownFileType = sourcecode.c.h; path = GRUtils.h; sourceTree = SOURCE_ROOT; };
		ABE79D6A0EC792B400E5D56C /* SystemConfiguration.framework */ = {isa = PBXFileReference; lastKnownFileType = wrapper.framework; name = SystemConfiguration.framework; path = System/Library/Frameworks/SystemConfiguration.framework; sourceTree = SDKROOT; };
		ABECCF490ED774B800FDF5AE /* icon.png */ = {isa = PBXFileReference; lastKnownFileType = image.png; path = icon.png; sourceTree = "<group>"; };
/* End PBXFileReference section */

/* Begin PBXFrameworksBuildPhase section */
		1D60588F0D05DD3D006BFB54 /* Frameworks */ = {
			isa = PBXFrameworksBuildPhase;
			buildActionMask = 2147483647;
			files = (
				1D60589F0D05DD5A006BFB54 /* Foundation.framework in Frameworks */,
				1DF5F4E00D08C38300B7A737 /* UIKit.framework in Frameworks */,
				2892E4100DC94CBA00A64D0F /* CoreGraphics.framework in Frameworks */,
				ABE79D6B0EC792B400E5D56C /* SystemConfiguration.framework in Frameworks */,
			);
			runOnlyForDeploymentPostprocessing = 0;
		};
/* End PBXFrameworksBuildPhase section */

/* Begin PBXGroup section */
		080E96DDFE201D6D7F000001 /* Classes */ = {
			isa = PBXGroup;
			children = (
				1D3623240D0F684500981E51 /* SonnetAppDelegate.h */,
				1D3623250D0F684500981E51 /* SonnetAppDelegate.m */,
				AB2548470EC7F4E200A8FA08 /* GRSonnet.h */,
				AB2548480EC7F4E200A8FA08 /* GRSonnet.m */,
				ABE79CD20EC7728700E5D56C /* PListLoader */,
				ABE79CC20EC771D400E5D56C /* Views and Controllers */,
			);
			path = Classes;
			sourceTree = "<group>";
		};
		19C28FACFE9D520D11CA2CBB /* Products */ = {
			isa = PBXGroup;
			children = (
				1D6058910D05DD3D006BFB54 /* Sonnet.app */,
			);
			name = Products;
			sourceTree = "<group>";
		};
		29B97314FDCFA39411CA2CEA /* CustomTemplate */ = {
			isa = PBXGroup;
			children = (
				080E96DDFE201D6D7F000001 /* Classes */,
				29B97315FDCFA39411CA2CEA /* Other Sources */,
				29B97317FDCFA39411CA2CEA /* Resources */,
				29B97323FDCFA39411CA2CEA /* Frameworks */,
				19C28FACFE9D520D11CA2CBB /* Products */,
			);
			name = CustomTemplate;
			sourceTree = "<group>";
		};
		29B97315FDCFA39411CA2CEA /* Other Sources */ = {
			isa = PBXGroup;
			children = (
				ABE79D550EC78F6400E5D56C /* GRUtils.h */,
				28A0AAE50D9B0CCF005BE974 /* Sonnet_Prefix.pch */,
				29B97316FDCFA39411CA2CEA /* main.m */,
			);
			name = "Other Sources";
			sourceTree = "<group>";
		};
		29B97317FDCFA39411CA2CEA /* Resources */ = {
			isa = PBXGroup;
			children = (
				ABECCF490ED774B800FDF5AE /* icon.png */,
				AB4AFC270ED113E600552F08 /* iphone.css */,
				AB4AFC280ED113E600552F08 /* contact.html */,
				AB38615B0ED7B47B0053BA96 /* Default.png */,
				AB2547C80EC7EBF900A8FA08 /* bigBackgroundRotated.png */,
				AB2546A40EC7D38B00A8FA08 /* littleBackground.png */,
				AB2546A50EC7D38B00A8FA08 /* bigBackground.png */,
				AB4AFBEC0ED10EE600552F08 /* GRContactUsViewController.xib */,
				AB2546C90EC7D71500A8FA08 /* GRSonnetViewController.xib */,
				2899E55F0DE3E45000AC0155 /* RootViewController.xib */,
				28AD735F0D9D9599002E5188 /* MainWindow.xib */,
				8D1107310486CEB800E47090 /* Info.plist */,
				AB48EECC0ED2A3A400515787 /* SonnetsDefault.plist */,
			);
			name = Resources;
			sourceTree = "<group>";
		};
		29B97323FDCFA39411CA2CEA /* Frameworks */ = {
			isa = PBXGroup;
			children = (
				ABE79D6A0EC792B400E5D56C /* SystemConfiguration.framework */,
				1DF5F4DF0D08C38300B7A737 /* UIKit.framework */,
				1D30AB110D05D00D00671497 /* Foundation.framework */,
				2892E40F0DC94CBA00A64D0F /* CoreGraphics.framework */,
			);
			name = Frameworks;
			sourceTree = "<group>";
		};
		AB2546D10EC7D81E00A8FA08 /* Root View */ = {
			isa = PBXGroup;
			children = (
				28C286DF0D94DF7D0034E888 /* RootViewController.h */,
				28C286E00D94DF7D0034E888 /* RootViewController.m */,
				ABE79C650EC76CB800E5D56C /* GRSonnetRootTableCell.h */,
				ABE79C640EC76CB800E5D56C /* GRSonnetRootTableCell.m */,
				ABE79CC30EC771F400E5D56C /* GRSonnetRootTableCellView.h */,
				ABE79CC40EC771F400E5D56C /* GRSonnetRootTableCellView.m */,
			);
			name = "Root View";
			sourceTree = "<group>";
		};
		AB2546D20EC7D82900A8FA08 /* Sonnet View */ = {
			isa = PBXGroup;
			children = (
				AB2546CB0EC7D80C00A8FA08 /* GRSonnetViewController.h */,
				AB2546CC0EC7D80C00A8FA08 /* GRSonnetViewController.m */,
				AB4AF9D70ECE8FCB00552F08 /* GRBackgroundImageView.h */,
				AB4AF9D80ECE8FCB00552F08 /* GRBackgroundImageView.m */,
			);
			name = "Sonnet View";
			sourceTree = "<group>";
		};
		AB4AFBEB0ED10EBB00552F08 /* ContactUs View */ = {
			isa = PBXGroup;
			children = (
				AB4AFBF10ED1108400552F08 /* GRContactUsViewController.h */,
				AB4AFBF20ED1108400552F08 /* GRContactUsViewController.m */,
			);
			name = "ContactUs View";
			sourceTree = "<group>";
		};
		ABE79CC20EC771D400E5D56C /* Views and Controllers */ = {
			isa = PBXGroup;
			children = (
				AB2546D10EC7D81E00A8FA08 /* Root View */,
				AB2546D20EC7D82900A8FA08 /* Sonnet View */,
				AB4AFBEB0ED10EBB00552F08 /* ContactUs View */,
			);
			name = "Views and Controllers";
			sourceTree = "<group>";
		};
		ABE79CD20EC7728700E5D56C /* PListLoader */ = {
			isa = PBXGroup;
			children = (
				ABE79CCC0EC7728200E5D56C /* GRPlistControllerDelegateProtocol.h */,
				ABE79D040EC779EE00E5D56C /* Reachability.h */,
				ABE79D030EC779EE00E5D56C /* Reachability.m */,
				ABE79CC90EC7728200E5D56C /* NSString+UUID.h */,
				ABE79CC80EC7728200E5D56C /* NSString+UUID.m */,
				ABE79CCB0EC7728200E5D56C /* GRPlistModel.h */,
				ABE79CCA0EC7728200E5D56C /* GRPlistModel.m */,
				ABE79CCE0EC7728200E5D56C /* GRPlistController.h */,
				ABE79CCD0EC7728200E5D56C /* GRPlistController.m */,
			);
			name = PListLoader;
			sourceTree = "<group>";
		};
/* End PBXGroup section */

/* Begin PBXNativeTarget section */
		1D6058900D05DD3D006BFB54 /* Sonnet */ = {
			isa = PBXNativeTarget;
			buildConfigurationList = 1D6058960D05DD3E006BFB54 /* Build configuration list for PBXNativeTarget "Sonnet" */;
			buildPhases = (
				1D60588D0D05DD3D006BFB54 /* Resources */,
				1D60588E0D05DD3D006BFB54 /* Sources */,
				1D60588F0D05DD3D006BFB54 /* Frameworks */,
			);
			buildRules = (
			);
			dependencies = (
			);
			name = Sonnet;
			productName = Sonnet;
			productReference = 1D6058910D05DD3D006BFB54 /* Sonnet.app */;
			productType = "com.apple.product-type.application";
		};
/* End PBXNativeTarget section */

/* Begin PBXProject section */
		29B97313FDCFA39411CA2CEA /* Project object */ = {
			isa = PBXProject;
			buildConfigurationList = C01FCF4E08A954540054247B /* Build configuration list for PBXProject "Sonnet" */;
			compatibilityVersion = "Xcode 3.1";
			hasScannedForEncodings = 1;
			knownRegions = (
				English,
				Japanese,
				French,
				German,
				en,
			);
			mainGroup = 29B97314FDCFA39411CA2CEA /* CustomTemplate */;
			projectDirPath = "";
			projectRoot = "";
			targets = (
				1D6058900D05DD3D006BFB54 /* Sonnet */,
			);
		};
/* End PBXProject section */

/* Begin PBXResourcesBuildPhase section */
		1D60588D0D05DD3D006BFB54 /* Resources */ = {
			isa = PBXResourcesBuildPhase;
			buildActionMask = 2147483647;
			files = (
				28AD73600D9D9599002E5188 /* MainWindow.xib in Resources */,
				2899E5600DE3E45000AC0155 /* RootViewController.xib in Resources */,
				AB2546A60EC7D38B00A8FA08 /* littleBackground.png in Resources */,
				AB2546A70EC7D38B00A8FA08 /* bigBackground.png in Resources */,
				AB2546CA0EC7D71500A8FA08 /* GRSonnetViewController.xib in Resources */,
				AB2547C90EC7EBF900A8FA08 /* bigBackgroundRotated.png in Resources */,
				AB4AFBED0ED10EE600552F08 /* GRContactUsViewController.xib in Resources */,
				AB4AFC290ED113E600552F08 /* iphone.css in Resources */,
				AB4AFC2A0ED113E600552F08 /* contact.html in Resources */,
				AB48EECD0ED2A3A400515787 /* SonnetsDefault.plist in Resources */,
				ABECCF4A0ED774B800FDF5AE /* icon.png in Resources */,
				AB38615C0ED7B47B0053BA96 /* Default.png in Resources */,
			);
			runOnlyForDeploymentPostprocessing = 0;
		};
/* End PBXResourcesBuildPhase section */

/* Begin PBXSourcesBuildPhase section */
		1D60588E0D05DD3D006BFB54 /* Sources */ = {
			isa = PBXSourcesBuildPhase;
			buildActionMask = 2147483647;
			files = (
				1D60589B0D05DD56006BFB54 /* main.m in Sources */,
				1D3623260D0F684500981E51 /* SonnetAppDelegate.m in Sources */,
				28C286E10D94DF7D0034E888 /* RootViewController.m in Sources */,
				ABE79C660EC76CB800E5D56C /* GRSonnetRootTableCell.m in Sources */,
				ABE79CC50EC771F400E5D56C /* GRSonnetRootTableCellView.m in Sources */,
				ABE79CCF0EC7728200E5D56C /* NSString+UUID.m in Sources */,
				ABE79CD00EC7728200E5D56C /* GRPlistModel.m in Sources */,
				ABE79CD10EC7728200E5D56C /* GRPlistController.m in Sources */,
				ABE79D050EC779EE00E5D56C /* Reachability.m in Sources */,
				AB2546CD0EC7D80C00A8FA08 /* GRSonnetViewController.m in Sources */,
				AB2548490EC7F4E200A8FA08 /* GRSonnet.m in Sources */,
				AB4AF9D90ECE8FCB00552F08 /* GRBackgroundImageView.m in Sources */,
				AB4AFBF30ED1108400552F08 /* GRContactUsViewController.m in Sources */,
			);
			runOnlyForDeploymentPostprocessing = 0;
		};
/* End PBXSourcesBuildPhase section */

/* Begin XCBuildConfiguration section */
		1D6058940D05DD3E006BFB54 /* Debug */ = {
			isa = XCBuildConfiguration;
			buildSettings = {
				ALWAYS_SEARCH_USER_PATHS = NO;
				"CODE_SIGN_IDENTITY[sdk=iphoneos*]" = "iPhone Developer: Jonathan Saggau";
				COPY_PHASE_STRIP = NO;
				GCC_DYNAMIC_NO_PIC = NO;
				GCC_OPTIMIZATION_LEVEL = 0;
				GCC_PRECOMPILE_PREFIX_HEADER = YES;
				GCC_PREFIX_HEADER = Sonnet_Prefix.pch;
				INFOPLIST_FILE = Info.plist;
				PRODUCT_NAME = Sonnet;
				"PROVISIONING_PROFILE[sdk=iphoneos*]" = "101D8C34-E0B6-489E-9DB7-4AB2CD7A69D1";
			};
			name = Debug;
		};
		1D6058950D05DD3E006BFB54 /* Release */ = {
			isa = XCBuildConfiguration;
			buildSettings = {
				ALWAYS_SEARCH_USER_PATHS = NO;
				COPY_PHASE_STRIP = YES;
				GCC_PRECOMPILE_PREFIX_HEADER = YES;
				GCC_PREFIX_HEADER = Sonnet_Prefix.pch;
				INFOPLIST_FILE = Info.plist;
				PRODUCT_NAME = Sonnet;
			};
			name = Release;
		};
		ABCE29640ED8AC9F007FF9F0 /* Dist */ = {
			isa = XCBuildConfiguration;
			buildSettings = {
				ARCHS = "$(ARCHS_STANDARD_32_BIT)";
				"CODE_SIGN_IDENTITY[sdk=iphoneos*]" = "iPhone Distribution: SBI";
				GCC_C_LANGUAGE_STANDARD = c99;
				GCC_WARN_ABOUT_RETURN_TYPE = YES;
				GCC_WARN_UNUSED_VARIABLE = YES;
				PREBINDING = NO;
				"PROVISIONING_PROFILE[sdk=iphoneos*]" = "D8796B23-96B7-4673-96FF-1A77E1A34498";
				SDKROOT = iphoneos2.2;
			};
			name = Dist;
		};
		ABCE29650ED8AC9F007FF9F0 /* Dist */ = {
			isa = XCBuildConfiguration;
			buildSettings = {
				ALWAYS_SEARCH_USER_PATHS = NO;
				CODE_SIGN_IDENTITY = "iPhone Distribution: SBI";
				"CODE_SIGN_IDENTITY[sdk=iphoneos*]" = "iPhone Distribution: SBI";
				COPY_PHASE_STRIP = YES;
				GCC_PRECOMPILE_PREFIX_HEADER = YES;
				GCC_PREFIX_HEADER = Sonnet_Prefix.pch;
				INFOPLIST_FILE = Info.plist;
				PRODUCT_NAME = Sonnet;
			};
			name = Dist;
		};
		C01FCF4F08A954540054247B /* Debug */ = {
			isa = XCBuildConfiguration;
			buildSettings = {
				ARCHS = "$(ARCHS_STANDARD_32_BIT)";
				"CODE_SIGN_IDENTITY[sdk=iphoneos*]" = "iPhone Developer: Jonathan Saggau";
				GCC_C_LANGUAGE_STANDARD = c99;
				GCC_WARN_ABOUT_RETURN_TYPE = YES;
				GCC_WARN_UNUSED_VARIABLE = YES;
				ONLY_ACTIVE_ARCH = YES;
				PREBINDING = NO;
				"PROVISIONING_PROFILE[sdk=iphoneos*]" = "523356E6-019A-47D7-806F-ACDA51AE29EA";
				SDKROOT = iphoneos2.2;
			};
			name = Debug;
		};
		C01FCF5008A954540054247B /* Release */ = {
			isa = XCBuildConfiguration;
			buildSettings = {
				ARCHS = "$(ARCHS_STANDARD_32_BIT)";
				"CODE_SIGN_IDENTITY[sdk=iphoneos*]" = "iPhone Developer: Jonathan Saggau";
				GCC_C_LANGUAGE_STANDARD = c99;
				GCC_WARN_ABOUT_RETURN_TYPE = YES;
				GCC_WARN_UNUSED_VARIABLE = YES;
				PREBINDING = NO;
				"PROVISIONING_PROFILE[sdk=iphoneos*]" = "523356E6-019A-47D7-806F-ACDA51AE29EA";
				SDKROOT = iphoneos2.2;
			};
			name = Release;
		};
/* End XCBuildConfiguration section */

/* Begin XCConfigurationList section */
		1D6058960D05DD3E006BFB54 /* Build configuration list for PBXNativeTarget "Sonnet" */ = {
			isa = XCConfigurationList;
			buildConfigurations = (
				1D6058940D05DD3E006BFB54 /* Debug */,
				1D6058950D05DD3E006BFB54 /* Release */,
				ABCE29650ED8AC9F007FF9F0 /* Dist */,
			);
			defaultConfigurationIsVisible = 0;
			defaultConfigurationName = Release;
		};
		C01FCF4E08A954540054247B /* Build configuration list for PBXProject "Sonnet" */ = {
			isa = XCConfigurationList;
			buildConfigurations = (
				C01FCF4F08A954540054247B /* Debug */,
				C01FCF5008A954540054247B /* Release */,
				ABCE29640ED8AC9F007FF9F0 /* Dist */,
			);
			defaultConfigurationIsVisible = 0;
			defaultConfigurationName = Release;
		};
/* End XCConfigurationList section */
	};
	rootObject = 29B97313FDCFA39411CA2CEA /* Project object */;
}
